
Microsoft Visual Studio Solution File, Format Version 12.00
# Visual Studio Version 16
VisualStudioVersion = 16.0.28809.33
MinimumVisualStudioVersion = 10.0.40219.1
Project("{2150E333-8FDC-42A3-9474-1A3956D46DE8}") = "src", "src", "{2BC59777-923A-4F93-A55B-BF767ACA6C0C}"
EndProject
Project("{2150E333-8FDC-42A3-9474-1A3956D46DE8}") = "_doc", "_doc", "{F5A3941D-B938-4E9A-8043-FFF111FF0E6F}"
EndProject
Project("{2150E333-8FDC-42A3-9474-1A3956D46DE8}") = "test", "test", "{331D8643-D424-4198-99F9-ECFB0EF4666C}"
EndProject
Project("{2150E333-8FDC-42A3-9474-1A3956D46DE8}") = "Infrastrature", "Infrastrature", "{8E62343C-A66F-48EF-903E-E303E0C519B1}"
EndProject
Project("{2150E333-8FDC-42A3-9474-1A3956D46DE8}") = "Thirdparty", "Thirdparty", "{28D78B61-F2FB-43ED-8955-961F5D2D2E78}"
EndProject
Project("{2150E333-8FDC-42A3-9474-1A3956D46DE8}") = "Applications", "Applications", "{AD05BB09-3859-42CC-9B22-F3875FC1219F}"
EndProject
Project("{9A19103F-16F7-4668-BE54-9A1E7A4F7556}") = "ASample.NetCore.WebApi", "src\Applications\ASample.NetCore.WebApi\ASample.NetCore.WebApi.csproj", "{094FEAC5-CB55-4EB6-9417-0D2D4EA99E20}"
EndProject
Project("{9A19103F-16F7-4668-BE54-9A1E7A4F7556}") = "ASample.NetCore", "src\Infrastrature\ASample.NetCore\ASample.NetCore.csproj", "{F9FE3B1C-0B95-4439-B5EA-778D3DE7E695}"
EndProject
Project("{9A19103F-16F7-4668-BE54-9A1E7A4F7556}") = "ASample.NetCore.MongoDb", "src\Infrastrature\ASample.NetCore.MongoDb\ASample.NetCore.MongoDb.csproj", "{8079CE0B-443C-43A3-8795-98DAA77840FF}"
EndProject
Project("{9A19103F-16F7-4668-BE54-9A1E7A4F7556}") = "ASample.NetCore.Quartz", "src\Thirdparty\ASample.NetCore.Quartz\ASample.NetCore.Quartz.csproj", "{B1398961-4009-4E37-86F9-8205E7409CC4}"
EndProject
Project("{9A19103F-16F7-4668-BE54-9A1E7A4F7556}") = "ASample.NetCore.Pinyin4Net", "src\Thirdparty\ASample.NetCore.Pinyin4Net\ASample.NetCore.Pinyin4Net.csproj", "{5C0E65A1-3969-4668-B44E-568D485D1824}"
EndProject
Project("{9A19103F-16F7-4668-BE54-9A1E7A4F7556}") = "ASample.NetCore.Test", "test\Infrastrature\ASample.NetCore.Test\ASample.NetCore.Test.csproj", "{C97349F8-AB02-453D-B5B4-C21D969FEB57}"
EndProject
Project("{9A19103F-16F7-4668-BE54-9A1E7A4F7556}") = "ASample.NetCore.WeChat", "src\Thirdparty\ASample.NetCore.WeChat\ASample.NetCore.WeChat.csproj", "{1F6A4A8A-5A8E-42FF-9546-2937BD371FBA}"
EndProject
Project("{9A19103F-16F7-4668-BE54-9A1E7A4F7556}") = "ASample.NetCore.WeChat.Test", "test\Thirdparty\ASample.NetCore.WeChat.Test\ASample.NetCore.WeChat.Test.csproj", "{B7222E99-D99D-451C-8104-58EE455E1D5D}"
EndProject
Project("{2150E333-8FDC-42A3-9474-1A3956D46DE8}") = "Microservice", "Microservice", "{12A6D346-528A-42B3-9B55-76DDA7B09E33}"
EndProject
Project("{9A19103F-16F7-4668-BE54-9A1E7A4F7556}") = "ASample.NetCore.AppUser", "src\Microservice\ASample.NetCore.AppUser\ASample.NetCore.AppUser.csproj", "{2068665E-2FE5-4E53-A1E5-4E3D3447F5FD}"
EndProject
Project("{9A19103F-16F7-4668-BE54-9A1E7A4F7556}") = "ASample.NetCore.ManageUser", "src\Microservice\ASample.NetCore.ManageUser\ASample.NetCore.ManageUser.csproj", "{2531DF8A-D6C8-4D70-B92E-B10685B38435}"
EndProject
Project("{9A19103F-16F7-4668-BE54-9A1E7A4F7556}") = "ASample.NetCore.Log.Test", "test\Infrastrature\ASample.NetCore.Log.Test\ASample.NetCore.Log.Test.csproj", "{D6F1D039-0491-4229-939C-DFD22535DC20}"
EndProject
Project("{9A19103F-16F7-4668-BE54-9A1E7A4F7556}") = "ASample.NetCore.MongoDb.Test", "test\Infrastrature\ASample.NetCore.MongoDb.Test\ASample.NetCore.MongoDb.Test.csproj", "{D537531F-C012-41B4-89E1-3A0F698DB3BC}"
EndProject
Project("{9A19103F-16F7-4668-BE54-9A1E7A4F7556}") = "ASample.NetCore.Services.Identitys", "src\Microservice\ASample.NetCore.Services.Identitys\ASample.NetCore.Services.Identitys.csproj", "{438C8322-0975-410C-9A29-A6650C4D1FC0}"
EndProject
Project("{9A19103F-16F7-4668-BE54-9A1E7A4F7556}") = "ASample.NetCore.Services.Wechats", "src\Microservice\ASample.NetCore.Services.Wechat\ASample.NetCore.Services.Wechats.csproj", "{0AEE419A-24A2-4F08-8928-B55A6C264B96}"
EndProject
Project("{9A19103F-16F7-4668-BE54-9A1E7A4F7556}") = "ASample.NetCore.Services.Products", "src\Microservice\ASample.NetCore.Services.Products\ASample.NetCore.Services.Products.csproj", "{FB800DCF-1374-40DB-922D-F838F48D4935}"
EndProject
Project("{9A19103F-16F7-4668-BE54-9A1E7A4F7556}") = "ASample.NetCore.Services.Customers", "src\Microservice\ASample.NetCore.Services.Customers\ASample.NetCore.Services.Customers.csproj", "{C12E108B-BD7E-4B46-BE9A-28D23F66236D}"
EndProject
Project("{9A19103F-16F7-4668-BE54-9A1E7A4F7556}") = "ASample.NetCore.Services.Orders", "src\Microservice\ASample.NetCore.Services.Orders\ASample.NetCore.Services.Orders.csproj", "{FEB2B1AB-CEF6-4AFF-86BE-5868EF313EAE}"
EndProject
Project("{9A19103F-16F7-4668-BE54-9A1E7A4F7556}") = "ASample.NetCore.Services.Logs", "src\Microservice\ASample.NetCore.Services.Logs\ASample.NetCore.Services.Logs.csproj", "{9DE47119-1808-4A8C-9A22-37138CE166AD}"
EndProject
Project("{9A19103F-16F7-4668-BE54-9A1E7A4F7556}") = "ASample.NetCore.Services.Apis", "src\Microservice\ASample.NetCore.Services.Apis\ASample.NetCore.Services.Apis.csproj", "{01B10F0B-ADD7-4790-BC97-65B0DE5D3BB6}"
EndProject
Project("{9A19103F-16F7-4668-BE54-9A1E7A4F7556}") = "ASample.NetCore.Services.Notifications", "src\Microservice\ASample.NetCore.Services.Notifications\ASample.NetCore.Services.Notifications.csproj", "{7D540EC7-E050-4263-AFB1-56C123F3C293}"
EndProject
Project("{9A19103F-16F7-4668-BE54-9A1E7A4F7556}") = "ASample.NetCore.Files", "src\Thirdparty\ASample.NetCore.Files\ASample.NetCore.Files.csproj", "{D7E8E2DE-0114-4DDA-89C6-21E8AEECD47A}"
EndProject
Project("{2150E333-8FDC-42A3-9474-1A3956D46DE8}") = "lib", "lib", "{7D06059C-A05A-4DFA-9AA1-6891319087B8}"
EndProject
Project("{2150E333-8FDC-42A3-9474-1A3956D46DE8}") = "Infrastructure", "Infrastructure", "{8652845C-3DAB-4B89-8CBF-61C8A6341E6D}"
EndProject
Project("{9A19103F-16F7-4668-BE54-9A1E7A4F7556}") = "ASample.NetCore.MvcWeb", "src\Applications\ASample.NetCore.MvcWeb\ASample.NetCore.MvcWeb.csproj", "{9066A29C-3371-4D2D-8A5C-0194F7B60206}"
EndProject
Project("{9A19103F-16F7-4668-BE54-9A1E7A4F7556}") = "ASample.NetCore.SignalRWeb", "src\Applications\ASample.NetCore.SignalRWeb\ASample.NetCore.SignalRWeb.csproj", "{2EF63D14-7909-4B73-BABE-38BF090CAE64}"
EndProject
Project("{9A19103F-16F7-4668-BE54-9A1E7A4F7556}") = "ASample.NetCore.Auths", "src\Applications\ASample.NetCore.Auths\ASample.NetCore.Auths.csproj", "{8E0CC472-9F19-4624-AA22-E39890E586E4}"
EndProject
Project("{9A19103F-16F7-4668-BE54-9A1E7A4F7556}") = "ASample.NetCore.DbApiTest", "src\Applications\ASample.NetCore.DbApiTest\ASample.NetCore.DbApiTest.csproj", "{650CD39C-BF9E-4D9D-AF85-B1BCA9DD92D3}"
EndProject
Project("{9A19103F-16F7-4668-BE54-9A1E7A4F7556}") = "ASample.NetCore.SignalR", "src\Thirdparty\ASample.NetCore.SignalR\ASample.NetCore.SignalR.csproj", "{B9EDC86A-0761-4D3B-8C94-A9B6DADC91C3}"
EndProject
Project("{9A19103F-16F7-4668-BE54-9A1E7A4F7556}") = "ASample.NetCore.Services.IdentityServers", "src\Microservice\ASample.NetCore.Services.IdentityServers\ASample.NetCore.Services.IdentityServers.csproj", "{0755AE1C-D9F5-4710-A920-61C52576258F}"
EndProject
Project("{9A19103F-16F7-4668-BE54-9A1E7A4F7556}") = "ASample.NetCore.RelationDb.Test", "test\Infrastrature\ASample.NetCore.RelationDb.Test\ASample.NetCore.RelationDb.Test.csproj", "{911F4465-87D2-4E13-8900-6790E6FC6C43}"
EndProject
Project("{9A19103F-16F7-4668-BE54-9A1E7A4F7556}") = "ASample.NetCore.xUnitTest", "test\Infrastrature\ASample.NetCore.xUnitTest\ASample.NetCore.xUnitTest.csproj", "{C03A5383-D68A-4232-8D24-7CA5257C4D68}"
EndProject
Project("{9A19103F-16F7-4668-BE54-9A1E7A4F7556}") = "ASample.NetCore.Log", "src\Infrastrature\ASample.NetCore.Log\ASample.NetCore.Log\ASample.NetCore.Log.csproj", "{FFE1BD0F-6320-4A98-A7AD-11F55584D5FA}"
EndProject
Project("{9A19103F-16F7-4668-BE54-9A1E7A4F7556}") = "ASample.NetCore.Pinyin4Net.Test", "test\Infrastrature\ASample.NetCore.Pinyin4Net.Test\ASample.NetCore.Pinyin4Net.Test.csproj", "{61F7CAEE-AE83-4472-8B70-CEFC62FDF1E0}"
EndProject
Project("{9A19103F-16F7-4668-BE54-9A1E7A4F7556}") = "ASample.NetCore.WebChat", "src\Applications\ASample.NetCore.WebChat\ASample.NetCore.WebChat.csproj", "{EFF4FDE9-75ED-4E89-9848-EA67A45629CB}"
EndProject
Project("{9A19103F-16F7-4668-BE54-9A1E7A4F7556}") = "ASample.NetCore.Excel", "src\Thirdparty\ASample.NetCore.Excel\ASample.NetCore.Excel.csproj", "{93EBC9B4-E34F-4A59-933A-7E148A3AEB71}"
EndProject
Project("{9A19103F-16F7-4668-BE54-9A1E7A4F7556}") = "ASample.NetCore.Excel.Test", "test\Infrastrature\ASample.NetCore.Excel.Test\ASample.NetCore.Excel.Test.csproj", "{255E40C0-0E01-402E-9926-CC33C705839D}"
EndProject
Project("{9A19103F-16F7-4668-BE54-9A1E7A4F7556}") = "ASample.NetCore.Sms", "src\Thirdparty\ASample.NetCore.SMS\ASample.NetCore.Sms.csproj", "{9E4E5C5D-B7C6-4B00-A696-1A7579E34EC3}"
EndProject
Project("{9A19103F-16F7-4668-BE54-9A1E7A4F7556}") = "ASample.NetCore.Sms.Test", "test\Thirdparty\ASample.NetCore.Sms.Test\ASample.NetCore.Sms.Test.csproj", "{F7681450-E1C0-4DD1-9F57-202FF63D2B1D}"
EndProject
Project("{9A19103F-16F7-4668-BE54-9A1E7A4F7556}") = "ASample.NetCore.RabbitMq", "src\Thirdparty\ASample.NetCore.RabbitMq\ASample.NetCore.RabbitMq.csproj", "{30B224AF-7383-46DC-A3EC-151B5B0631C8}"
EndProject
Project("{9A19103F-16F7-4668-BE54-9A1E7A4F7556}") = "ASample.NetCore.RabbitMq.Test", "test\Thirdparty\ASample.NetCore.RabbitMq.Test\ASample.NetCore.RabbitMq.Test.csproj", "{A498F117-B35E-476C-92D3-E01E33EB0239}"
EndProject
Project("{9A19103F-16F7-4668-BE54-9A1E7A4F7556}") = "ASample.NetCore.RabbitWeb", "src\Applications\ASample.NetCore.RabbitWeb\ASample.NetCore.RabbitWeb.csproj", "{184D80D0-6460-4395-8DEE-855D3C5AAAA1}"
EndProject
Project("{FAE04EC0-301F-11D3-BF4B-00C04F79EFBC}") = "ASample.NetCore.RelationDb", "src\Thirdparty\ASample.NetCore.RelationDb\ASample.NetCore.RelationDb.csproj", "{BC7BE5ED-BC8F-4748-8C6A-6093FD1CB504}"
EndProject
Project("{FAE04EC0-301F-11D3-BF4B-00C04F79EFBC}") = "ASample.NetCore.NuGetSite", "src\Applications\ASample.NetCore.NuGetSite\ASample.NetCore.NuGetSite.csproj", "{28D8206F-566E-41F5-8CB3-050532EC2405}"
EndProject
Global
	GlobalSection(SolutionConfigurationPlatforms) = preSolution
		Debug|Any CPU = Debug|Any CPU
		Release|Any CPU = Release|Any CPU
	EndGlobalSection
	GlobalSection(ProjectConfigurationPlatforms) = postSolution
		{094FEAC5-CB55-4EB6-9417-0D2D4EA99E20}.Debug|Any CPU.ActiveCfg = Debug|Any CPU
		{094FEAC5-CB55-4EB6-9417-0D2D4EA99E20}.Debug|Any CPU.Build.0 = Debug|Any CPU
		{094FEAC5-CB55-4EB6-9417-0D2D4EA99E20}.Release|Any CPU.ActiveCfg = Release|Any CPU
		{094FEAC5-CB55-4EB6-9417-0D2D4EA99E20}.Release|Any CPU.Build.0 = Release|Any CPU
		{F9FE3B1C-0B95-4439-B5EA-778D3DE7E695}.Debug|Any CPU.ActiveCfg = Debug|Any CPU
		{F9FE3B1C-0B95-4439-B5EA-778D3DE7E695}.Debug|Any CPU.Build.0 = Debug|Any CPU
		{F9FE3B1C-0B95-4439-B5EA-778D3DE7E695}.Release|Any CPU.ActiveCfg = Release|Any CPU
		{F9FE3B1C-0B95-4439-B5EA-778D3DE7E695}.Release|Any CPU.Build.0 = Release|Any CPU
		{8079CE0B-443C-43A3-8795-98DAA77840FF}.Debug|Any CPU.ActiveCfg = Debug|Any CPU
		{8079CE0B-443C-43A3-8795-98DAA77840FF}.Debug|Any CPU.Build.0 = Debug|Any CPU
		{8079CE0B-443C-43A3-8795-98DAA77840FF}.Release|Any CPU.ActiveCfg = Release|Any CPU
		{8079CE0B-443C-43A3-8795-98DAA77840FF}.Release|Any CPU.Build.0 = Release|Any CPU
		{B1398961-4009-4E37-86F9-8205E7409CC4}.Debug|Any CPU.ActiveCfg = Debug|Any CPU
		{B1398961-4009-4E37-86F9-8205E7409CC4}.Debug|Any CPU.Build.0 = Debug|Any CPU
		{B1398961-4009-4E37-86F9-8205E7409CC4}.Release|Any CPU.ActiveCfg = Release|Any CPU
		{B1398961-4009-4E37-86F9-8205E7409CC4}.Release|Any CPU.Build.0 = Release|Any CPU
		{5C0E65A1-3969-4668-B44E-568D485D1824}.Debug|Any CPU.ActiveCfg = Debug|Any CPU
		{5C0E65A1-3969-4668-B44E-568D485D1824}.Debug|Any CPU.Build.0 = Debug|Any CPU
		{5C0E65A1-3969-4668-B44E-568D485D1824}.Release|Any CPU.ActiveCfg = Release|Any CPU
		{5C0E65A1-3969-4668-B44E-568D485D1824}.Release|Any CPU.Build.0 = Release|Any CPU
		{C97349F8-AB02-453D-B5B4-C21D969FEB57}.Debug|Any CPU.ActiveCfg = Debug|Any CPU
		{C97349F8-AB02-453D-B5B4-C21D969FEB57}.Debug|Any CPU.Build.0 = Debug|Any CPU
		{C97349F8-AB02-453D-B5B4-C21D969FEB57}.Release|Any CPU.ActiveCfg = Release|Any CPU
		{C97349F8-AB02-453D-B5B4-C21D969FEB57}.Release|Any CPU.Build.0 = Release|Any CPU
		{1F6A4A8A-5A8E-42FF-9546-2937BD371FBA}.Debug|Any CPU.ActiveCfg = Debug|Any CPU
		{1F6A4A8A-5A8E-42FF-9546-2937BD371FBA}.Debug|Any CPU.Build.0 = Debug|Any CPU
		{1F6A4A8A-5A8E-42FF-9546-2937BD371FBA}.Release|Any CPU.ActiveCfg = Release|Any CPU
		{1F6A4A8A-5A8E-42FF-9546-2937BD371FBA}.Release|Any CPU.Build.0 = Release|Any CPU
		{B7222E99-D99D-451C-8104-58EE455E1D5D}.Debug|Any CPU.ActiveCfg = Debug|Any CPU
		{B7222E99-D99D-451C-8104-58EE455E1D5D}.Debug|Any CPU.Build.0 = Debug|Any CPU
		{B7222E99-D99D-451C-8104-58EE455E1D5D}.Release|Any CPU.ActiveCfg = Release|Any CPU
		{B7222E99-D99D-451C-8104-58EE455E1D5D}.Release|Any CPU.Build.0 = Release|Any CPU
		{2068665E-2FE5-4E53-A1E5-4E3D3447F5FD}.Debug|Any CPU.ActiveCfg = Debug|Any CPU
		{2068665E-2FE5-4E53-A1E5-4E3D3447F5FD}.Debug|Any CPU.Build.0 = Debug|Any CPU
		{2068665E-2FE5-4E53-A1E5-4E3D3447F5FD}.Release|Any CPU.ActiveCfg = Release|Any CPU
		{2068665E-2FE5-4E53-A1E5-4E3D3447F5FD}.Release|Any CPU.Build.0 = Release|Any CPU
		{2531DF8A-D6C8-4D70-B92E-B10685B38435}.Debug|Any CPU.ActiveCfg = Debug|Any CPU
		{2531DF8A-D6C8-4D70-B92E-B10685B38435}.Debug|Any CPU.Build.0 = Debug|Any CPU
		{2531DF8A-D6C8-4D70-B92E-B10685B38435}.Release|Any CPU.ActiveCfg = Release|Any CPU
		{2531DF8A-D6C8-4D70-B92E-B10685B38435}.Release|Any CPU.Build.0 = Release|Any CPU
		{D6F1D039-0491-4229-939C-DFD22535DC20}.Debug|Any CPU.ActiveCfg = Debug|Any CPU
		{D6F1D039-0491-4229-939C-DFD22535DC20}.Debug|Any CPU.Build.0 = Debug|Any CPU
		{D6F1D039-0491-4229-939C-DFD22535DC20}.Release|Any CPU.ActiveCfg = Release|Any CPU
		{D6F1D039-0491-4229-939C-DFD22535DC20}.Release|Any CPU.Build.0 = Release|Any CPU
		{D537531F-C012-41B4-89E1-3A0F698DB3BC}.Debug|Any CPU.ActiveCfg = Debug|Any CPU
		{D537531F-C012-41B4-89E1-3A0F698DB3BC}.Debug|Any CPU.Build.0 = Debug|Any CPU
		{D537531F-C012-41B4-89E1-3A0F698DB3BC}.Release|Any CPU.ActiveCfg = Release|Any CPU
		{D537531F-C012-41B4-89E1-3A0F698DB3BC}.Release|Any CPU.Build.0 = Release|Any CPU
		{438C8322-0975-410C-9A29-A6650C4D1FC0}.Debug|Any CPU.ActiveCfg = Debug|Any CPU
		{438C8322-0975-410C-9A29-A6650C4D1FC0}.Debug|Any CPU.Build.0 = Debug|Any CPU
		{438C8322-0975-410C-9A29-A6650C4D1FC0}.Release|Any CPU.ActiveCfg = Release|Any CPU
		{438C8322-0975-410C-9A29-A6650C4D1FC0}.Release|Any CPU.Build.0 = Release|Any CPU
		{0AEE419A-24A2-4F08-8928-B55A6C264B96}.Debug|Any CPU.ActiveCfg = Debug|Any CPU
		{0AEE419A-24A2-4F08-8928-B55A6C264B96}.Debug|Any CPU.Build.0 = Debug|Any CPU
		{0AEE419A-24A2-4F08-8928-B55A6C264B96}.Release|Any CPU.ActiveCfg = Release|Any CPU
		{0AEE419A-24A2-4F08-8928-B55A6C264B96}.Release|Any CPU.Build.0 = Release|Any CPU
		{FB800DCF-1374-40DB-922D-F838F48D4935}.Debug|Any CPU.ActiveCfg = Debug|Any CPU
		{FB800DCF-1374-40DB-922D-F838F48D4935}.Debug|Any CPU.Build.0 = Debug|Any CPU
		{FB800DCF-1374-40DB-922D-F838F48D4935}.Release|Any CPU.ActiveCfg = Release|Any CPU
		{FB800DCF-1374-40DB-922D-F838F48D4935}.Release|Any CPU.Build.0 = Release|Any CPU
		{C12E108B-BD7E-4B46-BE9A-28D23F66236D}.Debug|Any CPU.ActiveCfg = Debug|Any CPU
		{C12E108B-BD7E-4B46-BE9A-28D23F66236D}.Debug|Any CPU.Build.0 = Debug|Any CPU
		{C12E108B-BD7E-4B46-BE9A-28D23F66236D}.Release|Any CPU.ActiveCfg = Release|Any CPU
		{C12E108B-BD7E-4B46-BE9A-28D23F66236D}.Release|Any CPU.Build.0 = Release|Any CPU
		{FEB2B1AB-CEF6-4AFF-86BE-5868EF313EAE}.Debug|Any CPU.ActiveCfg = Debug|Any CPU
		{FEB2B1AB-CEF6-4AFF-86BE-5868EF313EAE}.Debug|Any CPU.Build.0 = Debug|Any CPU
		{FEB2B1AB-CEF6-4AFF-86BE-5868EF313EAE}.Release|Any CPU.ActiveCfg = Release|Any CPU
		{FEB2B1AB-CEF6-4AFF-86BE-5868EF313EAE}.Release|Any CPU.Build.0 = Release|Any CPU
		{9DE47119-1808-4A8C-9A22-37138CE166AD}.Debug|Any CPU.ActiveCfg = Debug|Any CPU
		{9DE47119-1808-4A8C-9A22-37138CE166AD}.Debug|Any CPU.Build.0 = Debug|Any CPU
		{9DE47119-1808-4A8C-9A22-37138CE166AD}.Release|Any CPU.ActiveCfg = Release|Any CPU
		{9DE47119-1808-4A8C-9A22-37138CE166AD}.Release|Any CPU.Build.0 = Release|Any CPU
		{01B10F0B-ADD7-4790-BC97-65B0DE5D3BB6}.Debug|Any CPU.ActiveCfg = Debug|Any CPU
		{01B10F0B-ADD7-4790-BC97-65B0DE5D3BB6}.Debug|Any CPU.Build.0 = Debug|Any CPU
		{01B10F0B-ADD7-4790-BC97-65B0DE5D3BB6}.Release|Any CPU.ActiveCfg = Release|Any CPU
		{01B10F0B-ADD7-4790-BC97-65B0DE5D3BB6}.Release|Any CPU.Build.0 = Release|Any CPU
		{7D540EC7-E050-4263-AFB1-56C123F3C293}.Debug|Any CPU.ActiveCfg = Debug|Any CPU
		{7D540EC7-E050-4263-AFB1-56C123F3C293}.Debug|Any CPU.Build.0 = Debug|Any CPU
		{7D540EC7-E050-4263-AFB1-56C123F3C293}.Release|Any CPU.ActiveCfg = Release|Any CPU
		{7D540EC7-E050-4263-AFB1-56C123F3C293}.Release|Any CPU.Build.0 = Release|Any CPU
		{D7E8E2DE-0114-4DDA-89C6-21E8AEECD47A}.Debug|Any CPU.ActiveCfg = Debug|Any CPU
		{D7E8E2DE-0114-4DDA-89C6-21E8AEECD47A}.Debug|Any CPU.Build.0 = Debug|Any CPU
		{D7E8E2DE-0114-4DDA-89C6-21E8AEECD47A}.Release|Any CPU.ActiveCfg = Release|Any CPU
		{D7E8E2DE-0114-4DDA-89C6-21E8AEECD47A}.Release|Any CPU.Build.0 = Release|Any CPU
		{9066A29C-3371-4D2D-8A5C-0194F7B60206}.Debug|Any CPU.ActiveCfg = Debug|Any CPU
		{9066A29C-3371-4D2D-8A5C-0194F7B60206}.Debug|Any CPU.Build.0 = Debug|Any CPU
		{9066A29C-3371-4D2D-8A5C-0194F7B60206}.Release|Any CPU.ActiveCfg = Release|Any CPU
		{9066A29C-3371-4D2D-8A5C-0194F7B60206}.Release|Any CPU.Build.0 = Release|Any CPU
		{2EF63D14-7909-4B73-BABE-38BF090CAE64}.Debug|Any CPU.ActiveCfg = Debug|Any CPU
		{2EF63D14-7909-4B73-BABE-38BF090CAE64}.Debug|Any CPU.Build.0 = Debug|Any CPU
		{2EF63D14-7909-4B73-BABE-38BF090CAE64}.Release|Any CPU.ActiveCfg = Release|Any CPU
		{2EF63D14-7909-4B73-BABE-38BF090CAE64}.Release|Any CPU.Build.0 = Release|Any CPU
		{8E0CC472-9F19-4624-AA22-E39890E586E4}.Debug|Any CPU.ActiveCfg = Debug|Any CPU
		{8E0CC472-9F19-4624-AA22-E39890E586E4}.Debug|Any CPU.Build.0 = Debug|Any CPU
		{8E0CC472-9F19-4624-AA22-E39890E586E4}.Release|Any CPU.ActiveCfg = Release|Any CPU
		{8E0CC472-9F19-4624-AA22-E39890E586E4}.Release|Any CPU.Build.0 = Release|Any CPU
		{650CD39C-BF9E-4D9D-AF85-B1BCA9DD92D3}.Debug|Any CPU.ActiveCfg = Debug|Any CPU
		{650CD39C-BF9E-4D9D-AF85-B1BCA9DD92D3}.Debug|Any CPU.Build.0 = Debug|Any CPU
		{650CD39C-BF9E-4D9D-AF85-B1BCA9DD92D3}.Release|Any CPU.ActiveCfg = Release|Any CPU
		{650CD39C-BF9E-4D9D-AF85-B1BCA9DD92D3}.Release|Any CPU.Build.0 = Release|Any CPU
		{B9EDC86A-0761-4D3B-8C94-A9B6DADC91C3}.Debug|Any CPU.ActiveCfg = Debug|Any CPU
		{B9EDC86A-0761-4D3B-8C94-A9B6DADC91C3}.Debug|Any CPU.Build.0 = Debug|Any CPU
		{B9EDC86A-0761-4D3B-8C94-A9B6DADC91C3}.Release|Any CPU.ActiveCfg = Release|Any CPU
		{B9EDC86A-0761-4D3B-8C94-A9B6DADC91C3}.Release|Any CPU.Build.0 = Release|Any CPU
		{0755AE1C-D9F5-4710-A920-61C52576258F}.Debug|Any CPU.ActiveCfg = Debug|Any CPU
		{0755AE1C-D9F5-4710-A920-61C52576258F}.Debug|Any CPU.Build.0 = Debug|Any CPU
		{0755AE1C-D9F5-4710-A920-61C52576258F}.Release|Any CPU.ActiveCfg = Release|Any CPU
		{0755AE1C-D9F5-4710-A920-61C52576258F}.Release|Any CPU.Build.0 = Release|Any CPU
		{911F4465-87D2-4E13-8900-6790E6FC6C43}.Debug|Any CPU.ActiveCfg = Debug|Any CPU
		{911F4465-87D2-4E13-8900-6790E6FC6C43}.Debug|Any CPU.Build.0 = Debug|Any CPU
		{911F4465-87D2-4E13-8900-6790E6FC6C43}.Release|Any CPU.ActiveCfg = Release|Any CPU
		{911F4465-87D2-4E13-8900-6790E6FC6C43}.Release|Any CPU.Build.0 = Release|Any CPU
		{C03A5383-D68A-4232-8D24-7CA5257C4D68}.Debug|Any CPU.ActiveCfg = Debug|Any CPU
		{C03A5383-D68A-4232-8D24-7CA5257C4D68}.Debug|Any CPU.Build.0 = Debug|Any CPU
		{C03A5383-D68A-4232-8D24-7CA5257C4D68}.Release|Any CPU.ActiveCfg = Release|Any CPU
		{C03A5383-D68A-4232-8D24-7CA5257C4D68}.Release|Any CPU.Build.0 = Release|Any CPU
		{FFE1BD0F-6320-4A98-A7AD-11F55584D5FA}.Debug|Any CPU.ActiveCfg = Debug|Any CPU
		{FFE1BD0F-6320-4A98-A7AD-11F55584D5FA}.Debug|Any CPU.Build.0 = Debug|Any CPU
		{FFE1BD0F-6320-4A98-A7AD-11F55584D5FA}.Release|Any CPU.ActiveCfg = Release|Any CPU
		{FFE1BD0F-6320-4A98-A7AD-11F55584D5FA}.Release|Any CPU.Build.0 = Release|Any CPU
		{61F7CAEE-AE83-4472-8B70-CEFC62FDF1E0}.Debug|Any CPU.ActiveCfg = Debug|Any CPU
		{61F7CAEE-AE83-4472-8B70-CEFC62FDF1E0}.Debug|Any CPU.Build.0 = Debug|Any CPU
		{61F7CAEE-AE83-4472-8B70-CEFC62FDF1E0}.Release|Any CPU.ActiveCfg = Release|Any CPU
		{61F7CAEE-AE83-4472-8B70-CEFC62FDF1E0}.Release|Any CPU.Build.0 = Release|Any CPU
		{EFF4FDE9-75ED-4E89-9848-EA67A45629CB}.Debug|Any CPU.ActiveCfg = Debug|Any CPU
		{EFF4FDE9-75ED-4E89-9848-EA67A45629CB}.Debug|Any CPU.Build.0 = Debug|Any CPU
		{EFF4FDE9-75ED-4E89-9848-EA67A45629CB}.Release|Any CPU.ActiveCfg = Release|Any CPU
		{EFF4FDE9-75ED-4E89-9848-EA67A45629CB}.Release|Any CPU.Build.0 = Release|Any CPU
		{93EBC9B4-E34F-4A59-933A-7E148A3AEB71}.Debug|Any CPU.ActiveCfg = Debug|Any CPU
		{93EBC9B4-E34F-4A59-933A-7E148A3AEB71}.Debug|Any CPU.Build.0 = Debug|Any CPU
		{93EBC9B4-E34F-4A59-933A-7E148A3AEB71}.Release|Any CPU.ActiveCfg = Release|Any CPU
		{93EBC9B4-E34F-4A59-933A-7E148A3AEB71}.Release|Any CPU.Build.0 = Release|Any CPU
		{255E40C0-0E01-402E-9926-CC33C705839D}.Debug|Any CPU.ActiveCfg = Debug|Any CPU
		{255E40C0-0E01-402E-9926-CC33C705839D}.Debug|Any CPU.Build.0 = Debug|Any CPU
		{255E40C0-0E01-402E-9926-CC33C705839D}.Release|Any CPU.ActiveCfg = Release|Any CPU
		{255E40C0-0E01-402E-9926-CC33C705839D}.Release|Any CPU.Build.0 = Release|Any CPU
		{9E4E5C5D-B7C6-4B00-A696-1A7579E34EC3}.Debug|Any CPU.ActiveCfg = Debug|Any CPU
		{9E4E5C5D-B7C6-4B00-A696-1A7579E34EC3}.Debug|Any CPU.Build.0 = Debug|Any CPU
		{9E4E5C5D-B7C6-4B00-A696-1A7579E34EC3}.Release|Any CPU.ActiveCfg = Release|Any CPU
		{9E4E5C5D-B7C6-4B00-A696-1A7579E34EC3}.Release|Any CPU.Build.0 = Release|Any CPU
		{F7681450-E1C0-4DD1-9F57-202FF63D2B1D}.Debug|Any CPU.ActiveCfg = Debug|Any CPU
		{F7681450-E1C0-4DD1-9F57-202FF63D2B1D}.Debug|Any CPU.Build.0 = Debug|Any CPU
		{F7681450-E1C0-4DD1-9F57-202FF63D2B1D}.Release|Any CPU.ActiveCfg = Release|Any CPU
		{F7681450-E1C0-4DD1-9F57-202FF63D2B1D}.Release|Any CPU.Build.0 = Release|Any CPU
		{30B224AF-7383-46DC-A3EC-151B5B0631C8}.Debug|Any CPU.ActiveCfg = Debug|Any CPU
		{30B224AF-7383-46DC-A3EC-151B5B0631C8}.Debug|Any CPU.Build.0 = Debug|Any CPU
		{30B224AF-7383-46DC-A3EC-151B5B0631C8}.Release|Any CPU.ActiveCfg = Release|Any CPU
		{30B224AF-7383-46DC-A3EC-151B5B0631C8}.Release|Any CPU.Build.0 = Release|Any CPU
		{A498F117-B35E-476C-92D3-E01E33EB0239}.Debug|Any CPU.ActiveCfg = Debug|Any CPU
		{A498F117-B35E-476C-92D3-E01E33EB0239}.Debug|Any CPU.Build.0 = Debug|Any CPU
		{A498F117-B35E-476C-92D3-E01E33EB0239}.Release|Any CPU.ActiveCfg = Release|Any CPU
		{A498F117-B35E-476C-92D3-E01E33EB0239}.Release|Any CPU.Build.0 = Release|Any CPU
		{184D80D0-6460-4395-8DEE-855D3C5AAAA1}.Debug|Any CPU.ActiveCfg = Debug|Any CPU
		{184D80D0-6460-4395-8DEE-855D3C5AAAA1}.Debug|Any CPU.Build.0 = Debug|Any CPU
		{184D80D0-6460-4395-8DEE-855D3C5AAAA1}.Release|Any CPU.ActiveCfg = Release|Any CPU
		{184D80D0-6460-4395-8DEE-855D3C5AAAA1}.Release|Any CPU.Build.0 = Release|Any CPU
		{BC7BE5ED-BC8F-4748-8C6A-6093FD1CB504}.Debug|Any CPU.ActiveCfg = Debug|Any CPU
		{BC7BE5ED-BC8F-4748-8C6A-6093FD1CB504}.Debug|Any CPU.Build.0 = Debug|Any CPU
		{BC7BE5ED-BC8F-4748-8C6A-6093FD1CB504}.Release|Any CPU.ActiveCfg = Release|Any CPU
		{BC7BE5ED-BC8F-4748-8C6A-6093FD1CB504}.Release|Any CPU.Build.0 = Release|Any CPU
		{28D8206F-566E-41F5-8CB3-050532EC2405}.Debug|Any CPU.ActiveCfg = Debug|Any CPU
		{28D8206F-566E-41F5-8CB3-050532EC2405}.Debug|Any CPU.Build.0 = Debug|Any CPU
		{28D8206F-566E-41F5-8CB3-050532EC2405}.Release|Any CPU.ActiveCfg = Release|Any CPU
		{28D8206F-566E-41F5-8CB3-050532EC2405}.Release|Any CPU.Build.0 = Release|Any CPU
	EndGlobalSection
	GlobalSection(SolutionProperties) = preSolution
		HideSolutionNode = FALSE
	EndGlobalSection
	GlobalSection(NestedProjects) = preSolution
		{F5A3941D-B938-4E9A-8043-FFF111FF0E6F} = {8E62343C-A66F-48EF-903E-E303E0C519B1}
		{8E62343C-A66F-48EF-903E-E303E0C519B1} = {2BC59777-923A-4F93-A55B-BF767ACA6C0C}
		{28D78B61-F2FB-43ED-8955-961F5D2D2E78} = {2BC59777-923A-4F93-A55B-BF767ACA6C0C}
		{AD05BB09-3859-42CC-9B22-F3875FC1219F} = {2BC59777-923A-4F93-A55B-BF767ACA6C0C}
		{094FEAC5-CB55-4EB6-9417-0D2D4EA99E20} = {AD05BB09-3859-42CC-9B22-F3875FC1219F}
		{F9FE3B1C-0B95-4439-B5EA-778D3DE7E695} = {8E62343C-A66F-48EF-903E-E303E0C519B1}
		{8079CE0B-443C-43A3-8795-98DAA77840FF} = {8E62343C-A66F-48EF-903E-E303E0C519B1}
		{B1398961-4009-4E37-86F9-8205E7409CC4} = {28D78B61-F2FB-43ED-8955-961F5D2D2E78}
		{5C0E65A1-3969-4668-B44E-568D485D1824} = {28D78B61-F2FB-43ED-8955-961F5D2D2E78}
		{C97349F8-AB02-453D-B5B4-C21D969FEB57} = {331D8643-D424-4198-99F9-ECFB0EF4666C}
		{1F6A4A8A-5A8E-42FF-9546-2937BD371FBA} = {28D78B61-F2FB-43ED-8955-961F5D2D2E78}
		{B7222E99-D99D-451C-8104-58EE455E1D5D} = {331D8643-D424-4198-99F9-ECFB0EF4666C}
		{12A6D346-528A-42B3-9B55-76DDA7B09E33} = {2BC59777-923A-4F93-A55B-BF767ACA6C0C}
		{2068665E-2FE5-4E53-A1E5-4E3D3447F5FD} = {8652845C-3DAB-4B89-8CBF-61C8A6341E6D}
		{2531DF8A-D6C8-4D70-B92E-B10685B38435} = {8652845C-3DAB-4B89-8CBF-61C8A6341E6D}
		{D6F1D039-0491-4229-939C-DFD22535DC20} = {331D8643-D424-4198-99F9-ECFB0EF4666C}
		{D537531F-C012-41B4-89E1-3A0F698DB3BC} = {331D8643-D424-4198-99F9-ECFB0EF4666C}
		{438C8322-0975-410C-9A29-A6650C4D1FC0} = {12A6D346-528A-42B3-9B55-76DDA7B09E33}
		{0AEE419A-24A2-4F08-8928-B55A6C264B96} = {8652845C-3DAB-4B89-8CBF-61C8A6341E6D}
		{FB800DCF-1374-40DB-922D-F838F48D4935} = {12A6D346-528A-42B3-9B55-76DDA7B09E33}
		{C12E108B-BD7E-4B46-BE9A-28D23F66236D} = {12A6D346-528A-42B3-9B55-76DDA7B09E33}
		{FEB2B1AB-CEF6-4AFF-86BE-5868EF313EAE} = {12A6D346-528A-42B3-9B55-76DDA7B09E33}
		{9DE47119-1808-4A8C-9A22-37138CE166AD} = {8652845C-3DAB-4B89-8CBF-61C8A6341E6D}
		{01B10F0B-ADD7-4790-BC97-65B0DE5D3BB6} = {12A6D346-528A-42B3-9B55-76DDA7B09E33}
		{7D540EC7-E050-4263-AFB1-56C123F3C293} = {12A6D346-528A-42B3-9B55-76DDA7B09E33}
		{D7E8E2DE-0114-4DDA-89C6-21E8AEECD47A} = {28D78B61-F2FB-43ED-8955-961F5D2D2E78}
		{8652845C-3DAB-4B89-8CBF-61C8A6341E6D} = {12A6D346-528A-42B3-9B55-76DDA7B09E33}
		{9066A29C-3371-4D2D-8A5C-0194F7B60206} = {AD05BB09-3859-42CC-9B22-F3875FC1219F}
		{2EF63D14-7909-4B73-BABE-38BF090CAE64} = {AD05BB09-3859-42CC-9B22-F3875FC1219F}
		{8E0CC472-9F19-4624-AA22-E39890E586E4} = {AD05BB09-3859-42CC-9B22-F3875FC1219F}
		{650CD39C-BF9E-4D9D-AF85-B1BCA9DD92D3} = {AD05BB09-3859-42CC-9B22-F3875FC1219F}
		{B9EDC86A-0761-4D3B-8C94-A9B6DADC91C3} = {28D78B61-F2FB-43ED-8955-961F5D2D2E78}
		{0755AE1C-D9F5-4710-A920-61C52576258F} = {12A6D346-528A-42B3-9B55-76DDA7B09E33}
		{911F4465-87D2-4E13-8900-6790E6FC6C43} = {331D8643-D424-4198-99F9-ECFB0EF4666C}
		{C03A5383-D68A-4232-8D24-7CA5257C4D68} = {331D8643-D424-4198-99F9-ECFB0EF4666C}
		{FFE1BD0F-6320-4A98-A7AD-11F55584D5FA} = {8E62343C-A66F-48EF-903E-E303E0C519B1}
		{61F7CAEE-AE83-4472-8B70-CEFC62FDF1E0} = {331D8643-D424-4198-99F9-ECFB0EF4666C}
		{EFF4FDE9-75ED-4E89-9848-EA67A45629CB} = {AD05BB09-3859-42CC-9B22-F3875FC1219F}
		{93EBC9B4-E34F-4A59-933A-7E148A3AEB71} = {28D78B61-F2FB-43ED-8955-961F5D2D2E78}
		{255E40C0-0E01-402E-9926-CC33C705839D} = {331D8643-D424-4198-99F9-ECFB0EF4666C}
		{9E4E5C5D-B7C6-4B00-A696-1A7579E34EC3} = {28D78B61-F2FB-43ED-8955-961F5D2D2E78}
		{F7681450-E1C0-4DD1-9F57-202FF63D2B1D} = {331D8643-D424-4198-99F9-ECFB0EF4666C}
		{30B224AF-7383-46DC-A3EC-151B5B0631C8} = {28D78B61-F2FB-43ED-8955-961F5D2D2E78}
		{A498F117-B35E-476C-92D3-E01E33EB0239} = {331D8643-D424-4198-99F9-ECFB0EF4666C}
		{184D80D0-6460-4395-8DEE-855D3C5AAAA1} = {AD05BB09-3859-42CC-9B22-F3875FC1219F}
		{BC7BE5ED-BC8F-4748-8C6A-6093FD1CB504} = {28D78B61-F2FB-43ED-8955-961F5D2D2E78}
		{28D8206F-566E-41F5-8CB3-050532EC2405} = {AD05BB09-3859-42CC-9B22-F3875FC1219F}
	EndGlobalSection
	GlobalSection(ExtensibilityGlobals) = postSolution
		SolutionGuid = {E3C1D5E7-3D29-43DF-AEB9-6241110E2A0B}
	EndGlobalSection
EndGlobal
