
Microsoft Visual Studio Solution File, Format Version 12.00
# Visual Studio Version 16
VisualStudioVersion = 16.0.28809.33
MinimumVisualStudioVersion = 10.0.40219.1
Project("{2150E333-8FDC-42A3-9474-1A3956D46DE8}") = "src", "src", "{2BC59777-923A-4F93-A55B-BF767ACA6C0C}"
EndProject
Project("{2150E333-8FDC-42A3-9474-1A3956D46DE8}") = "_doc", "_doc", "{F5A3941D-B938-4E9A-8043-FFF111FF0E6F}"
EndProject
Project("{2150E333-8FDC-42A3-9474-1A3956D46DE8}") = "test", "test", "{331D8643-D424-4198-99F9-ECFB0EF4666C}"
EndProject
Project("{2150E333-8FDC-42A3-9474-1A3956D46DE8}") = "Infrastrature", "Infrastrature", "{8E62343C-A66F-48EF-903E-E303E0C519B1}"
EndProject
Project("{2150E333-8FDC-42A3-9474-1A3956D46DE8}") = "Thirdparty", "Thirdparty", "{28D78B61-F2FB-43ED-8955-961F5D2D2E78}"
EndProject
Project("{2150E333-8FDC-42A3-9474-1A3956D46DE8}") = "Applications", "Applications", "{AD05BB09-3859-42CC-9B22-F3875FC1219F}"
EndProject
Project("{9A19103F-16F7-4668-BE54-9A1E7A4F7556}") = "ASample.NetCore.WebSite", "src\Applications\ASample.NetCore.WebSite\ASample.NetCore.WebSite.csproj", "{CF44C6EC-0496-4843-A950-2489112B512A}"
EndProject
Project("{9A19103F-16F7-4668-BE54-9A1E7A4F7556}") = "ASample.NetCore.WebApi", "src\Applications\ASample.NetCore.WebApi\ASample.NetCore.WebApi.csproj", "{094FEAC5-CB55-4EB6-9417-0D2D4EA99E20}"
EndProject
Project("{9A19103F-16F7-4668-BE54-9A1E7A4F7556}") = "ASample.NetCore", "src\Infrastrature\ASample.NetCore\ASample.NetCore.csproj", "{F9FE3B1C-0B95-4439-B5EA-778D3DE7E695}"
EndProject
Project("{9A19103F-16F7-4668-BE54-9A1E7A4F7556}") = "ASample.NetCore.MySql", "src\Infrastrature\ASample.NetCore.MySql\ASample.NetCore.MySql.csproj", "{A16C7447-7A98-4C62-B36D-23C428535D2E}"
EndProject
Project("{9A19103F-16F7-4668-BE54-9A1E7A4F7556}") = "ASample.NetCore.MongoDb", "src\Infrastrature\ASample.NetCore.MongoDb\ASample.NetCore.MongoDb.csproj", "{8079CE0B-443C-43A3-8795-98DAA77840FF}"
EndProject
Project("{9A19103F-16F7-4668-BE54-9A1E7A4F7556}") = "ASample.NetCore.Quartz", "src\Thirdparty\ASample.NetCore.Quartz\ASample.NetCore.Quartz.csproj", "{B1398961-4009-4E37-86F9-8205E7409CC4}"
EndProject
Project("{9A19103F-16F7-4668-BE54-9A1E7A4F7556}") = "ASample.NetCore.Pinyin4Net", "src\Thirdparty\ASample.NetCore.Pinyin4Net\ASample.NetCore.Pinyin4Net.csproj", "{5C0E65A1-3969-4668-B44E-568D485D1824}"
EndProject
Project("{9A19103F-16F7-4668-BE54-9A1E7A4F7556}") = "ASample.NetCore.Test", "test\Infrastrature\ASample.NetCore.Test\ASample.NetCore.Test.csproj", "{C97349F8-AB02-453D-B5B4-C21D969FEB57}"
EndProject
Project("{9A19103F-16F7-4668-BE54-9A1E7A4F7556}") = "ASample.NetCore.WeChat", "src\Thirdparty\ASample.NetCore.WeChat\ASample.NetCore.WeChat.csproj", "{1F6A4A8A-5A8E-42FF-9546-2937BD371FBA}"
EndProject
Project("{9A19103F-16F7-4668-BE54-9A1E7A4F7556}") = "ASample.NetCore.WeChat.Test", "test\Thirdparty\ASample.NetCore.WeChat.Test\ASample.NetCore.WeChat.Test.csproj", "{B7222E99-D99D-451C-8104-58EE455E1D5D}"
EndProject
Project("{2150E333-8FDC-42A3-9474-1A3956D46DE8}") = "Microservice", "Microservice", "{12A6D346-528A-42B3-9B55-76DDA7B09E33}"
EndProject
Project("{9A19103F-16F7-4668-BE54-9A1E7A4F7556}") = "ASample.NetCore.LogService", "src\Microservice\ASample.NetCore.LogService\ASample.NetCore.LogService.csproj", "{F48E8FCA-255E-42F0-B455-2BC14EF110B2}"
EndProject
Project("{9A19103F-16F7-4668-BE54-9A1E7A4F7556}") = "ASample.NetCore.Log4Net", "src\Infrastrature\ASample.NetCore.Log4Net\ASample.NetCore.Log4Net.csproj", "{832373DA-644D-486C-A005-BD3A3A27858B}"
EndProject
Project("{9A19103F-16F7-4668-BE54-9A1E7A4F7556}") = "ASample.NetCore.WechatService", "src\Microservice\ASample.NetCore.WechatService\ASample.NetCore.WechatService.csproj", "{68CA05D3-174A-47F6-AE1C-D76E86E3E958}"
EndProject
Project("{9A19103F-16F7-4668-BE54-9A1E7A4F7556}") = "ASample.NetCore.AppUser", "src\Microservice\ASample.NetCore.AppUser\ASample.NetCore.AppUser.csproj", "{2068665E-2FE5-4E53-A1E5-4E3D3447F5FD}"
EndProject
Project("{9A19103F-16F7-4668-BE54-9A1E7A4F7556}") = "ASample.NetCore.ManageUser", "src\Microservice\ASample.NetCore.ManageUser\ASample.NetCore.ManageUser.csproj", "{2531DF8A-D6C8-4D70-B92E-B10685B38435}"
EndProject
Project("{9A19103F-16F7-4668-BE54-9A1E7A4F7556}") = "ASample.NetCore.Redis", "src\Infrastrature\ASample.NetCore.Redis\ASample.NetCore.Redis.csproj", "{487F0E2A-D86C-4980-A272-4D8BC5674FEC}"
EndProject
Project("{9A19103F-16F7-4668-BE54-9A1E7A4F7556}") = "ASample.NetCore.SqlServer", "src\Infrastrature\ASample.NetCore.SqlServer\ASample.NetCore.SqlServer.csproj", "{13935BC3-551F-456C-B284-0517A521BDC2}"
EndProject
Project("{9A19103F-16F7-4668-BE54-9A1E7A4F7556}") = "ASample.NetCore.RabbitMq", "src\Thirdparty\ASample.NetCore.RabbitMq\ASample.NetCore.RabbitMq.csproj", "{E7A1D7E8-4736-417A-9202-2F93E719E139}"
EndProject
Project("{9A19103F-16F7-4668-BE54-9A1E7A4F7556}") = "ASample.NetCore.SignalR", "src\Thirdparty\ASample.NetCore.SignalR\ASample.NetCore.SignalR.csproj", "{BB5A5748-50C4-4E3E-A4C6-781A40DF2950}"
EndProject
Project("{9A19103F-16F7-4668-BE54-9A1E7A4F7556}") = "ASample.NetCore.Log.Test", "test\Infrastrature\ASample.NetCore.Log.Test\ASample.NetCore.Log.Test.csproj", "{D6F1D039-0491-4229-939C-DFD22535DC20}"
EndProject
Project("{9A19103F-16F7-4668-BE54-9A1E7A4F7556}") = "ASample.NetCore.MongoDb.Test", "test\Infrastrature\ASample.NetCore.MongoDb.Test\ASample.NetCore.MongoDb.Test.csproj", "{D537531F-C012-41B4-89E1-3A0F698DB3BC}"
EndProject
Project("{FAE04EC0-301F-11D3-BF4B-00C04F79EFBC}") = "ASample.NetCore.Authentication", "src\Infrastrature\ASample.NetCore.Authentication\ASample.NetCore.Authentication.csproj", "{5080A55B-B978-4BA5-A56F-192348349934}"
EndProject
Global
	GlobalSection(SolutionConfigurationPlatforms) = preSolution
		Debug|Any CPU = Debug|Any CPU
		Release|Any CPU = Release|Any CPU
	EndGlobalSection
	GlobalSection(ProjectConfigurationPlatforms) = postSolution
		{CF44C6EC-0496-4843-A950-2489112B512A}.Debug|Any CPU.ActiveCfg = Debug|Any CPU
		{CF44C6EC-0496-4843-A950-2489112B512A}.Debug|Any CPU.Build.0 = Debug|Any CPU
		{CF44C6EC-0496-4843-A950-2489112B512A}.Release|Any CPU.ActiveCfg = Release|Any CPU
		{CF44C6EC-0496-4843-A950-2489112B512A}.Release|Any CPU.Build.0 = Release|Any CPU
		{094FEAC5-CB55-4EB6-9417-0D2D4EA99E20}.Debug|Any CPU.ActiveCfg = Debug|Any CPU
		{094FEAC5-CB55-4EB6-9417-0D2D4EA99E20}.Debug|Any CPU.Build.0 = Debug|Any CPU
		{094FEAC5-CB55-4EB6-9417-0D2D4EA99E20}.Release|Any CPU.ActiveCfg = Release|Any CPU
		{094FEAC5-CB55-4EB6-9417-0D2D4EA99E20}.Release|Any CPU.Build.0 = Release|Any CPU
		{F9FE3B1C-0B95-4439-B5EA-778D3DE7E695}.Debug|Any CPU.ActiveCfg = Debug|Any CPU
		{F9FE3B1C-0B95-4439-B5EA-778D3DE7E695}.Debug|Any CPU.Build.0 = Debug|Any CPU
		{F9FE3B1C-0B95-4439-B5EA-778D3DE7E695}.Release|Any CPU.ActiveCfg = Release|Any CPU
		{F9FE3B1C-0B95-4439-B5EA-778D3DE7E695}.Release|Any CPU.Build.0 = Release|Any CPU
		{A16C7447-7A98-4C62-B36D-23C428535D2E}.Debug|Any CPU.ActiveCfg = Debug|Any CPU
		{A16C7447-7A98-4C62-B36D-23C428535D2E}.Debug|Any CPU.Build.0 = Debug|Any CPU
		{A16C7447-7A98-4C62-B36D-23C428535D2E}.Release|Any CPU.ActiveCfg = Release|Any CPU
		{A16C7447-7A98-4C62-B36D-23C428535D2E}.Release|Any CPU.Build.0 = Release|Any CPU
		{8079CE0B-443C-43A3-8795-98DAA77840FF}.Debug|Any CPU.ActiveCfg = Debug|Any CPU
		{8079CE0B-443C-43A3-8795-98DAA77840FF}.Debug|Any CPU.Build.0 = Debug|Any CPU
		{8079CE0B-443C-43A3-8795-98DAA77840FF}.Release|Any CPU.ActiveCfg = Release|Any CPU
		{8079CE0B-443C-43A3-8795-98DAA77840FF}.Release|Any CPU.Build.0 = Release|Any CPU
		{B1398961-4009-4E37-86F9-8205E7409CC4}.Debug|Any CPU.ActiveCfg = Debug|Any CPU
		{B1398961-4009-4E37-86F9-8205E7409CC4}.Debug|Any CPU.Build.0 = Debug|Any CPU
		{B1398961-4009-4E37-86F9-8205E7409CC4}.Release|Any CPU.ActiveCfg = Release|Any CPU
		{B1398961-4009-4E37-86F9-8205E7409CC4}.Release|Any CPU.Build.0 = Release|Any CPU
		{5C0E65A1-3969-4668-B44E-568D485D1824}.Debug|Any CPU.ActiveCfg = Debug|Any CPU
		{5C0E65A1-3969-4668-B44E-568D485D1824}.Debug|Any CPU.Build.0 = Debug|Any CPU
		{5C0E65A1-3969-4668-B44E-568D485D1824}.Release|Any CPU.ActiveCfg = Release|Any CPU
		{5C0E65A1-3969-4668-B44E-568D485D1824}.Release|Any CPU.Build.0 = Release|Any CPU
		{C97349F8-AB02-453D-B5B4-C21D969FEB57}.Debug|Any CPU.ActiveCfg = Debug|Any CPU
		{C97349F8-AB02-453D-B5B4-C21D969FEB57}.Debug|Any CPU.Build.0 = Debug|Any CPU
		{C97349F8-AB02-453D-B5B4-C21D969FEB57}.Release|Any CPU.ActiveCfg = Release|Any CPU
		{C97349F8-AB02-453D-B5B4-C21D969FEB57}.Release|Any CPU.Build.0 = Release|Any CPU
		{1F6A4A8A-5A8E-42FF-9546-2937BD371FBA}.Debug|Any CPU.ActiveCfg = Debug|Any CPU
		{1F6A4A8A-5A8E-42FF-9546-2937BD371FBA}.Debug|Any CPU.Build.0 = Debug|Any CPU
		{1F6A4A8A-5A8E-42FF-9546-2937BD371FBA}.Release|Any CPU.ActiveCfg = Release|Any CPU
		{1F6A4A8A-5A8E-42FF-9546-2937BD371FBA}.Release|Any CPU.Build.0 = Release|Any CPU
		{B7222E99-D99D-451C-8104-58EE455E1D5D}.Debug|Any CPU.ActiveCfg = Debug|Any CPU
		{B7222E99-D99D-451C-8104-58EE455E1D5D}.Debug|Any CPU.Build.0 = Debug|Any CPU
		{B7222E99-D99D-451C-8104-58EE455E1D5D}.Release|Any CPU.ActiveCfg = Release|Any CPU
		{B7222E99-D99D-451C-8104-58EE455E1D5D}.Release|Any CPU.Build.0 = Release|Any CPU
		{F48E8FCA-255E-42F0-B455-2BC14EF110B2}.Debug|Any CPU.ActiveCfg = Debug|Any CPU
		{F48E8FCA-255E-42F0-B455-2BC14EF110B2}.Debug|Any CPU.Build.0 = Debug|Any CPU
		{F48E8FCA-255E-42F0-B455-2BC14EF110B2}.Release|Any CPU.ActiveCfg = Release|Any CPU
		{F48E8FCA-255E-42F0-B455-2BC14EF110B2}.Release|Any CPU.Build.0 = Release|Any CPU
		{832373DA-644D-486C-A005-BD3A3A27858B}.Debug|Any CPU.ActiveCfg = Debug|Any CPU
		{832373DA-644D-486C-A005-BD3A3A27858B}.Debug|Any CPU.Build.0 = Debug|Any CPU
		{832373DA-644D-486C-A005-BD3A3A27858B}.Release|Any CPU.ActiveCfg = Release|Any CPU
		{832373DA-644D-486C-A005-BD3A3A27858B}.Release|Any CPU.Build.0 = Release|Any CPU
		{68CA05D3-174A-47F6-AE1C-D76E86E3E958}.Debug|Any CPU.ActiveCfg = Debug|Any CPU
		{68CA05D3-174A-47F6-AE1C-D76E86E3E958}.Debug|Any CPU.Build.0 = Debug|Any CPU
		{68CA05D3-174A-47F6-AE1C-D76E86E3E958}.Release|Any CPU.ActiveCfg = Release|Any CPU
		{68CA05D3-174A-47F6-AE1C-D76E86E3E958}.Release|Any CPU.Build.0 = Release|Any CPU
		{2068665E-2FE5-4E53-A1E5-4E3D3447F5FD}.Debug|Any CPU.ActiveCfg = Debug|Any CPU
		{2068665E-2FE5-4E53-A1E5-4E3D3447F5FD}.Debug|Any CPU.Build.0 = Debug|Any CPU
		{2068665E-2FE5-4E53-A1E5-4E3D3447F5FD}.Release|Any CPU.ActiveCfg = Release|Any CPU
		{2068665E-2FE5-4E53-A1E5-4E3D3447F5FD}.Release|Any CPU.Build.0 = Release|Any CPU
		{2531DF8A-D6C8-4D70-B92E-B10685B38435}.Debug|Any CPU.ActiveCfg = Debug|Any CPU
		{2531DF8A-D6C8-4D70-B92E-B10685B38435}.Debug|Any CPU.Build.0 = Debug|Any CPU
		{2531DF8A-D6C8-4D70-B92E-B10685B38435}.Release|Any CPU.ActiveCfg = Release|Any CPU
		{2531DF8A-D6C8-4D70-B92E-B10685B38435}.Release|Any CPU.Build.0 = Release|Any CPU
		{487F0E2A-D86C-4980-A272-4D8BC5674FEC}.Debug|Any CPU.ActiveCfg = Debug|Any CPU
		{487F0E2A-D86C-4980-A272-4D8BC5674FEC}.Debug|Any CPU.Build.0 = Debug|Any CPU
		{487F0E2A-D86C-4980-A272-4D8BC5674FEC}.Release|Any CPU.ActiveCfg = Release|Any CPU
		{487F0E2A-D86C-4980-A272-4D8BC5674FEC}.Release|Any CPU.Build.0 = Release|Any CPU
		{13935BC3-551F-456C-B284-0517A521BDC2}.Debug|Any CPU.ActiveCfg = Debug|Any CPU
		{13935BC3-551F-456C-B284-0517A521BDC2}.Debug|Any CPU.Build.0 = Debug|Any CPU
		{13935BC3-551F-456C-B284-0517A521BDC2}.Release|Any CPU.ActiveCfg = Release|Any CPU
		{13935BC3-551F-456C-B284-0517A521BDC2}.Release|Any CPU.Build.0 = Release|Any CPU
		{E7A1D7E8-4736-417A-9202-2F93E719E139}.Debug|Any CPU.ActiveCfg = Debug|Any CPU
		{E7A1D7E8-4736-417A-9202-2F93E719E139}.Debug|Any CPU.Build.0 = Debug|Any CPU
		{E7A1D7E8-4736-417A-9202-2F93E719E139}.Release|Any CPU.ActiveCfg = Release|Any CPU
		{E7A1D7E8-4736-417A-9202-2F93E719E139}.Release|Any CPU.Build.0 = Release|Any CPU
		{BB5A5748-50C4-4E3E-A4C6-781A40DF2950}.Debug|Any CPU.ActiveCfg = Debug|Any CPU
		{BB5A5748-50C4-4E3E-A4C6-781A40DF2950}.Debug|Any CPU.Build.0 = Debug|Any CPU
		{BB5A5748-50C4-4E3E-A4C6-781A40DF2950}.Release|Any CPU.ActiveCfg = Release|Any CPU
		{BB5A5748-50C4-4E3E-A4C6-781A40DF2950}.Release|Any CPU.Build.0 = Release|Any CPU
		{D6F1D039-0491-4229-939C-DFD22535DC20}.Debug|Any CPU.ActiveCfg = Debug|Any CPU
		{D6F1D039-0491-4229-939C-DFD22535DC20}.Debug|Any CPU.Build.0 = Debug|Any CPU
		{D6F1D039-0491-4229-939C-DFD22535DC20}.Release|Any CPU.ActiveCfg = Release|Any CPU
		{D6F1D039-0491-4229-939C-DFD22535DC20}.Release|Any CPU.Build.0 = Release|Any CPU
		{D537531F-C012-41B4-89E1-3A0F698DB3BC}.Debug|Any CPU.ActiveCfg = Debug|Any CPU
		{D537531F-C012-41B4-89E1-3A0F698DB3BC}.Debug|Any CPU.Build.0 = Debug|Any CPU
		{D537531F-C012-41B4-89E1-3A0F698DB3BC}.Release|Any CPU.ActiveCfg = Release|Any CPU
		{D537531F-C012-41B4-89E1-3A0F698DB3BC}.Release|Any CPU.Build.0 = Release|Any CPU
		{5080A55B-B978-4BA5-A56F-192348349934}.Debug|Any CPU.ActiveCfg = Debug|Any CPU
		{5080A55B-B978-4BA5-A56F-192348349934}.Debug|Any CPU.Build.0 = Debug|Any CPU
		{5080A55B-B978-4BA5-A56F-192348349934}.Release|Any CPU.ActiveCfg = Release|Any CPU
		{5080A55B-B978-4BA5-A56F-192348349934}.Release|Any CPU.Build.0 = Release|Any CPU
	EndGlobalSection
	GlobalSection(SolutionProperties) = preSolution
		HideSolutionNode = FALSE
	EndGlobalSection
	GlobalSection(NestedProjects) = preSolution
		{F5A3941D-B938-4E9A-8043-FFF111FF0E6F} = {8E62343C-A66F-48EF-903E-E303E0C519B1}
		{8E62343C-A66F-48EF-903E-E303E0C519B1} = {2BC59777-923A-4F93-A55B-BF767ACA6C0C}
		{28D78B61-F2FB-43ED-8955-961F5D2D2E78} = {2BC59777-923A-4F93-A55B-BF767ACA6C0C}
		{AD05BB09-3859-42CC-9B22-F3875FC1219F} = {2BC59777-923A-4F93-A55B-BF767ACA6C0C}
		{CF44C6EC-0496-4843-A950-2489112B512A} = {AD05BB09-3859-42CC-9B22-F3875FC1219F}
		{094FEAC5-CB55-4EB6-9417-0D2D4EA99E20} = {AD05BB09-3859-42CC-9B22-F3875FC1219F}
		{F9FE3B1C-0B95-4439-B5EA-778D3DE7E695} = {8E62343C-A66F-48EF-903E-E303E0C519B1}
		{A16C7447-7A98-4C62-B36D-23C428535D2E} = {8E62343C-A66F-48EF-903E-E303E0C519B1}
		{8079CE0B-443C-43A3-8795-98DAA77840FF} = {8E62343C-A66F-48EF-903E-E303E0C519B1}
		{B1398961-4009-4E37-86F9-8205E7409CC4} = {28D78B61-F2FB-43ED-8955-961F5D2D2E78}
		{5C0E65A1-3969-4668-B44E-568D485D1824} = {28D78B61-F2FB-43ED-8955-961F5D2D2E78}
		{C97349F8-AB02-453D-B5B4-C21D969FEB57} = {331D8643-D424-4198-99F9-ECFB0EF4666C}
		{1F6A4A8A-5A8E-42FF-9546-2937BD371FBA} = {28D78B61-F2FB-43ED-8955-961F5D2D2E78}
		{B7222E99-D99D-451C-8104-58EE455E1D5D} = {331D8643-D424-4198-99F9-ECFB0EF4666C}
		{12A6D346-528A-42B3-9B55-76DDA7B09E33} = {2BC59777-923A-4F93-A55B-BF767ACA6C0C}
		{F48E8FCA-255E-42F0-B455-2BC14EF110B2} = {12A6D346-528A-42B3-9B55-76DDA7B09E33}
		{832373DA-644D-486C-A005-BD3A3A27858B} = {8E62343C-A66F-48EF-903E-E303E0C519B1}
		{68CA05D3-174A-47F6-AE1C-D76E86E3E958} = {12A6D346-528A-42B3-9B55-76DDA7B09E33}
		{2068665E-2FE5-4E53-A1E5-4E3D3447F5FD} = {12A6D346-528A-42B3-9B55-76DDA7B09E33}
		{2531DF8A-D6C8-4D70-B92E-B10685B38435} = {12A6D346-528A-42B3-9B55-76DDA7B09E33}
		{487F0E2A-D86C-4980-A272-4D8BC5674FEC} = {8E62343C-A66F-48EF-903E-E303E0C519B1}
		{13935BC3-551F-456C-B284-0517A521BDC2} = {8E62343C-A66F-48EF-903E-E303E0C519B1}
		{E7A1D7E8-4736-417A-9202-2F93E719E139} = {28D78B61-F2FB-43ED-8955-961F5D2D2E78}
		{BB5A5748-50C4-4E3E-A4C6-781A40DF2950} = {28D78B61-F2FB-43ED-8955-961F5D2D2E78}
		{D6F1D039-0491-4229-939C-DFD22535DC20} = {331D8643-D424-4198-99F9-ECFB0EF4666C}
		{D537531F-C012-41B4-89E1-3A0F698DB3BC} = {331D8643-D424-4198-99F9-ECFB0EF4666C}
		{5080A55B-B978-4BA5-A56F-192348349934} = {8E62343C-A66F-48EF-903E-E303E0C519B1}
	EndGlobalSection
	GlobalSection(ExtensibilityGlobals) = postSolution
		SolutionGuid = {E3C1D5E7-3D29-43DF-AEB9-6241110E2A0B}
	EndGlobalSection
EndGlobal
