
Microsoft Visual Studio Solution File, Format Version 12.00
# Visual Studio Version 16
VisualStudioVersion = 16.0.28809.33
MinimumVisualStudioVersion = 10.0.40219.1
Project("{2150E333-8FDC-42A3-9474-1A3956D46DE8}") = "src", "src", "{2BC59777-923A-4F93-A55B-BF767ACA6C0C}"
EndProject
Project("{2150E333-8FDC-42A3-9474-1A3956D46DE8}") = "_doc", "_doc", "{F5A3941D-B938-4E9A-8043-FFF111FF0E6F}"
EndProject
Project("{2150E333-8FDC-42A3-9474-1A3956D46DE8}") = "test", "test", "{331D8643-D424-4198-99F9-ECFB0EF4666C}"
EndProject
Project("{2150E333-8FDC-42A3-9474-1A3956D46DE8}") = "Infrastrature", "Infrastrature", "{8E62343C-A66F-48EF-903E-E303E0C519B1}"
EndProject
Project("{2150E333-8FDC-42A3-9474-1A3956D46DE8}") = "Thirdparty", "Thirdparty", "{28D78B61-F2FB-43ED-8955-961F5D2D2E78}"
EndProject
Project("{2150E333-8FDC-42A3-9474-1A3956D46DE8}") = "Applications", "Applications", "{AD05BB09-3859-42CC-9B22-F3875FC1219F}"
EndProject
Project("{9A19103F-16F7-4668-BE54-9A1E7A4F7556}") = "ASample.NetCore.WebSite", "src\Applications\ASample.NetCore.WebSite\ASample.NetCore.WebSite.csproj", "{CF44C6EC-0496-4843-A950-2489112B512A}"
EndProject
Project("{9A19103F-16F7-4668-BE54-9A1E7A4F7556}") = "ASample.NetCore.WebApi", "src\Applications\ASample.NetCore.WebApi\ASample.NetCore.WebApi.csproj", "{094FEAC5-CB55-4EB6-9417-0D2D4EA99E20}"
EndProject
Project("{9A19103F-16F7-4668-BE54-9A1E7A4F7556}") = "ASample.NetCore", "src\Infrastrature\ASample.NetCore\ASample.NetCore.csproj", "{F9FE3B1C-0B95-4439-B5EA-778D3DE7E695}"
EndProject
Project("{9A19103F-16F7-4668-BE54-9A1E7A4F7556}") = "ASample.NetCore.MySqlDb", "src\Infrastrature\ASample.NetCore.MySql\ASample.NetCore.MySqlDb.csproj", "{A16C7447-7A98-4C62-B36D-23C428535D2E}"
EndProject
Project("{9A19103F-16F7-4668-BE54-9A1E7A4F7556}") = "ASample.NetCore.MongoDb", "src\Infrastrature\ASample.NetCore.MongoDb\ASample.NetCore.MongoDb.csproj", "{8079CE0B-443C-43A3-8795-98DAA77840FF}"
EndProject
Project("{9A19103F-16F7-4668-BE54-9A1E7A4F7556}") = "ASample.NetCore.Quartz", "src\Thirdparty\ASample.NetCore.Quartz\ASample.NetCore.Quartz.csproj", "{B1398961-4009-4E37-86F9-8205E7409CC4}"
EndProject
Project("{9A19103F-16F7-4668-BE54-9A1E7A4F7556}") = "ASample.NetCore.Pinyin4Net", "src\Thirdparty\ASample.NetCore.Pinyin4Net\ASample.NetCore.Pinyin4Net.csproj", "{5C0E65A1-3969-4668-B44E-568D485D1824}"
EndProject
Project("{9A19103F-16F7-4668-BE54-9A1E7A4F7556}") = "ASample.NetCore.Test", "test\Infrastrature\ASample.NetCore.Test\ASample.NetCore.Test.csproj", "{C97349F8-AB02-453D-B5B4-C21D969FEB57}"
EndProject
Project("{9A19103F-16F7-4668-BE54-9A1E7A4F7556}") = "ASample.NetCore.WeChat", "src\Thirdparty\ASample.NetCore.WeChat\ASample.NetCore.WeChat.csproj", "{1F6A4A8A-5A8E-42FF-9546-2937BD371FBA}"
EndProject
Project("{9A19103F-16F7-4668-BE54-9A1E7A4F7556}") = "ASample.NetCore.WeChat.Test", "test\Thirdparty\ASample.NetCore.WeChat.Test\ASample.NetCore.WeChat.Test.csproj", "{B7222E99-D99D-451C-8104-58EE455E1D5D}"
EndProject
Project("{2150E333-8FDC-42A3-9474-1A3956D46DE8}") = "Microservice", "Microservice", "{12A6D346-528A-42B3-9B55-76DDA7B09E33}"
EndProject
Project("{9A19103F-16F7-4668-BE54-9A1E7A4F7556}") = "ASample.NetCore.AppUser", "src\Microservice\ASample.NetCore.AppUser\ASample.NetCore.AppUser.csproj", "{2068665E-2FE5-4E53-A1E5-4E3D3447F5FD}"
EndProject
Project("{9A19103F-16F7-4668-BE54-9A1E7A4F7556}") = "ASample.NetCore.ManageUser", "src\Microservice\ASample.NetCore.ManageUser\ASample.NetCore.ManageUser.csproj", "{2531DF8A-D6C8-4D70-B92E-B10685B38435}"
EndProject
Project("{9A19103F-16F7-4668-BE54-9A1E7A4F7556}") = "ASample.NetCore.Redis", "src\Infrastrature\ASample.NetCore.Redis\ASample.NetCore.Redis.csproj", "{487F0E2A-D86C-4980-A272-4D8BC5674FEC}"
EndProject
Project("{9A19103F-16F7-4668-BE54-9A1E7A4F7556}") = "ASample.NetCore.SqlServerDb", "src\Infrastrature\ASample.NetCore.SqlServer\ASample.NetCore.SqlServerDb.csproj", "{13935BC3-551F-456C-B284-0517A521BDC2}"
EndProject
Project("{9A19103F-16F7-4668-BE54-9A1E7A4F7556}") = "ASample.NetCore.RabbitMq", "src\Infrastrature\ASample.NetCore.RabbitMq\ASample.NetCore.RabbitMq.csproj", "{E7A1D7E8-4736-417A-9202-2F93E719E139}"
EndProject
Project("{9A19103F-16F7-4668-BE54-9A1E7A4F7556}") = "ASample.NetCore.Log.Test", "test\Infrastrature\ASample.NetCore.Log.Test\ASample.NetCore.Log.Test.csproj", "{D6F1D039-0491-4229-939C-DFD22535DC20}"
EndProject
Project("{9A19103F-16F7-4668-BE54-9A1E7A4F7556}") = "ASample.NetCore.MongoDb.Test", "test\Infrastrature\ASample.NetCore.MongoDb.Test\ASample.NetCore.MongoDb.Test.csproj", "{D537531F-C012-41B4-89E1-3A0F698DB3BC}"
EndProject
Project("{9A19103F-16F7-4668-BE54-9A1E7A4F7556}") = "ASample.NetCore.Authentications", "src\Infrastrature\ASample.NetCore.Authentication\ASample.NetCore.Authentications.csproj", "{5080A55B-B978-4BA5-A56F-192348349934}"
EndProject
Project("{9A19103F-16F7-4668-BE54-9A1E7A4F7556}") = "ASample.NetCore.SqlServerWebSite", "src\Applications\ASample.NetCore.SqlServerWebSite\ASample.NetCore.SqlServerWebSite.csproj", "{73786D1C-17BA-4623-8D48-AA5A7BBC1D38}"
EndProject
Project("{9A19103F-16F7-4668-BE54-9A1E7A4F7556}") = "ASample.NetCore.SignalR", "src\Infrastrature\ASample.NetCore.SignalR\ASample.NetCore.SignalR.csproj", "{F12DB760-524D-4D80-9AEA-DBA2155449E7}"
EndProject
Project("{9A19103F-16F7-4668-BE54-9A1E7A4F7556}") = "ASample.NetCore.Services.Identitys", "src\Microservice\ASample.NetCore.Services.Identitys\ASample.NetCore.Services.Identitys.csproj", "{438C8322-0975-410C-9A29-A6650C4D1FC0}"
EndProject
Project("{9A19103F-16F7-4668-BE54-9A1E7A4F7556}") = "ASample.NetCore.Services.Wechats", "src\Microservice\ASample.NetCore.Services.Wechat\ASample.NetCore.Services.Wechats.csproj", "{0AEE419A-24A2-4F08-8928-B55A6C264B96}"
EndProject
Project("{9A19103F-16F7-4668-BE54-9A1E7A4F7556}") = "ASample.NetCore.Services.Products", "src\Microservice\ASample.NetCore.Services.Products\ASample.NetCore.Services.Products.csproj", "{FB800DCF-1374-40DB-922D-F838F48D4935}"
EndProject
Project("{9A19103F-16F7-4668-BE54-9A1E7A4F7556}") = "ASample.NetCore.Services.Customers", "src\Microservice\ASample.NetCore.Services.Customers\ASample.NetCore.Services.Customers.csproj", "{C12E108B-BD7E-4B46-BE9A-28D23F66236D}"
EndProject
Project("{9A19103F-16F7-4668-BE54-9A1E7A4F7556}") = "ASample.NetCore.Services.Orders", "src\Microservice\ASample.NetCore.Services.Orders\ASample.NetCore.Services.Orders.csproj", "{FEB2B1AB-CEF6-4AFF-86BE-5868EF313EAE}"
EndProject
Project("{9A19103F-16F7-4668-BE54-9A1E7A4F7556}") = "ASample.NetCore.Services.Logs", "src\Microservice\ASample.NetCore.Services.Logs\ASample.NetCore.Services.Logs.csproj", "{9DE47119-1808-4A8C-9A22-37138CE166AD}"
EndProject
Project("{9A19103F-16F7-4668-BE54-9A1E7A4F7556}") = "ASample.NetCore.Services.Apis", "src\Microservice\ASample.NetCore.Services.Apis\ASample.NetCore.Services.Apis.csproj", "{01B10F0B-ADD7-4790-BC97-65B0DE5D3BB6}"
EndProject
Project("{9A19103F-16F7-4668-BE54-9A1E7A4F7556}") = "ASample.NetCore.Services.Notifications", "src\Microservice\ASample.NetCore.Services.Notifications\ASample.NetCore.Services.Notifications.csproj", "{7D540EC7-E050-4263-AFB1-56C123F3C293}"
EndProject
Project("{9A19103F-16F7-4668-BE54-9A1E7A4F7556}") = "ASample.NetCore.Files", "src\Thirdparty\ASample.NetCore.Files\ASample.NetCore.Files.csproj", "{D7E8E2DE-0114-4DDA-89C6-21E8AEECD47A}"
EndProject
Project("{2150E333-8FDC-42A3-9474-1A3956D46DE8}") = "lib", "lib", "{7D06059C-A05A-4DFA-9AA1-6891319087B8}"
EndProject
Project("{2150E333-8FDC-42A3-9474-1A3956D46DE8}") = "Infrastructure", "Infrastructure", "{8652845C-3DAB-4B89-8CBF-61C8A6341E6D}"
EndProject
Project("{FAE04EC0-301F-11D3-BF4B-00C04F79EFBC}") = "ASample.NetCore.MvcWeb", "src\Applications\ASample.NetCore.MvcWeb\ASample.NetCore.MvcWeb.csproj", "{9066A29C-3371-4D2D-8A5C-0194F7B60206}"
EndProject
Project("{FAE04EC0-301F-11D3-BF4B-00C04F79EFBC}") = "ASample.NetCore.SignalRWeb", "src\Applications\ASample.NetCore.SignalRWeb\ASample.NetCore.SignalRWeb.csproj", "{2EF63D14-7909-4B73-BABE-38BF090CAE64}"
EndProject
Project("{FAE04EC0-301F-11D3-BF4B-00C04F79EFBC}") = "ASample.NetCore.Auths", "src\Applications\ASample.NetCore.Auths\ASample.NetCore.Auths.csproj", "{8E0CC472-9F19-4624-AA22-E39890E586E4}"
EndProject
Global
	GlobalSection(SolutionConfigurationPlatforms) = preSolution
		Debug|Any CPU = Debug|Any CPU
		Release|Any CPU = Release|Any CPU
	EndGlobalSection
	GlobalSection(ProjectConfigurationPlatforms) = postSolution
		{CF44C6EC-0496-4843-A950-2489112B512A}.Debug|Any CPU.ActiveCfg = Debug|Any CPU
		{CF44C6EC-0496-4843-A950-2489112B512A}.Debug|Any CPU.Build.0 = Debug|Any CPU
		{CF44C6EC-0496-4843-A950-2489112B512A}.Release|Any CPU.ActiveCfg = Release|Any CPU
		{CF44C6EC-0496-4843-A950-2489112B512A}.Release|Any CPU.Build.0 = Release|Any CPU
		{094FEAC5-CB55-4EB6-9417-0D2D4EA99E20}.Debug|Any CPU.ActiveCfg = Debug|Any CPU
		{094FEAC5-CB55-4EB6-9417-0D2D4EA99E20}.Debug|Any CPU.Build.0 = Debug|Any CPU
		{094FEAC5-CB55-4EB6-9417-0D2D4EA99E20}.Release|Any CPU.ActiveCfg = Release|Any CPU
		{094FEAC5-CB55-4EB6-9417-0D2D4EA99E20}.Release|Any CPU.Build.0 = Release|Any CPU
		{F9FE3B1C-0B95-4439-B5EA-778D3DE7E695}.Debug|Any CPU.ActiveCfg = Debug|Any CPU
		{F9FE3B1C-0B95-4439-B5EA-778D3DE7E695}.Debug|Any CPU.Build.0 = Debug|Any CPU
		{F9FE3B1C-0B95-4439-B5EA-778D3DE7E695}.Release|Any CPU.ActiveCfg = Release|Any CPU
		{F9FE3B1C-0B95-4439-B5EA-778D3DE7E695}.Release|Any CPU.Build.0 = Release|Any CPU
		{A16C7447-7A98-4C62-B36D-23C428535D2E}.Debug|Any CPU.ActiveCfg = Debug|Any CPU
		{A16C7447-7A98-4C62-B36D-23C428535D2E}.Debug|Any CPU.Build.0 = Debug|Any CPU
		{A16C7447-7A98-4C62-B36D-23C428535D2E}.Release|Any CPU.ActiveCfg = Release|Any CPU
		{A16C7447-7A98-4C62-B36D-23C428535D2E}.Release|Any CPU.Build.0 = Release|Any CPU
		{8079CE0B-443C-43A3-8795-98DAA77840FF}.Debug|Any CPU.ActiveCfg = Debug|Any CPU
		{8079CE0B-443C-43A3-8795-98DAA77840FF}.Debug|Any CPU.Build.0 = Debug|Any CPU
		{8079CE0B-443C-43A3-8795-98DAA77840FF}.Release|Any CPU.ActiveCfg = Release|Any CPU
		{8079CE0B-443C-43A3-8795-98DAA77840FF}.Release|Any CPU.Build.0 = Release|Any CPU
		{B1398961-4009-4E37-86F9-8205E7409CC4}.Debug|Any CPU.ActiveCfg = Debug|Any CPU
		{B1398961-4009-4E37-86F9-8205E7409CC4}.Debug|Any CPU.Build.0 = Debug|Any CPU
		{B1398961-4009-4E37-86F9-8205E7409CC4}.Release|Any CPU.ActiveCfg = Release|Any CPU
		{B1398961-4009-4E37-86F9-8205E7409CC4}.Release|Any CPU.Build.0 = Release|Any CPU
		{5C0E65A1-3969-4668-B44E-568D485D1824}.Debug|Any CPU.ActiveCfg = Debug|Any CPU
		{5C0E65A1-3969-4668-B44E-568D485D1824}.Debug|Any CPU.Build.0 = Debug|Any CPU
		{5C0E65A1-3969-4668-B44E-568D485D1824}.Release|Any CPU.ActiveCfg = Release|Any CPU
		{5C0E65A1-3969-4668-B44E-568D485D1824}.Release|Any CPU.Build.0 = Release|Any CPU
		{C97349F8-AB02-453D-B5B4-C21D969FEB57}.Debug|Any CPU.ActiveCfg = Debug|Any CPU
		{C97349F8-AB02-453D-B5B4-C21D969FEB57}.Debug|Any CPU.Build.0 = Debug|Any CPU
		{C97349F8-AB02-453D-B5B4-C21D969FEB57}.Release|Any CPU.ActiveCfg = Release|Any CPU
		{C97349F8-AB02-453D-B5B4-C21D969FEB57}.Release|Any CPU.Build.0 = Release|Any CPU
		{1F6A4A8A-5A8E-42FF-9546-2937BD371FBA}.Debug|Any CPU.ActiveCfg = Debug|Any CPU
		{1F6A4A8A-5A8E-42FF-9546-2937BD371FBA}.Debug|Any CPU.Build.0 = Debug|Any CPU
		{1F6A4A8A-5A8E-42FF-9546-2937BD371FBA}.Release|Any CPU.ActiveCfg = Release|Any CPU
		{1F6A4A8A-5A8E-42FF-9546-2937BD371FBA}.Release|Any CPU.Build.0 = Release|Any CPU
		{B7222E99-D99D-451C-8104-58EE455E1D5D}.Debug|Any CPU.ActiveCfg = Debug|Any CPU
		{B7222E99-D99D-451C-8104-58EE455E1D5D}.Debug|Any CPU.Build.0 = Debug|Any CPU
		{B7222E99-D99D-451C-8104-58EE455E1D5D}.Release|Any CPU.ActiveCfg = Release|Any CPU
		{B7222E99-D99D-451C-8104-58EE455E1D5D}.Release|Any CPU.Build.0 = Release|Any CPU
		{2068665E-2FE5-4E53-A1E5-4E3D3447F5FD}.Debug|Any CPU.ActiveCfg = Debug|Any CPU
		{2068665E-2FE5-4E53-A1E5-4E3D3447F5FD}.Debug|Any CPU.Build.0 = Debug|Any CPU
		{2068665E-2FE5-4E53-A1E5-4E3D3447F5FD}.Release|Any CPU.ActiveCfg = Release|Any CPU
		{2068665E-2FE5-4E53-A1E5-4E3D3447F5FD}.Release|Any CPU.Build.0 = Release|Any CPU
		{2531DF8A-D6C8-4D70-B92E-B10685B38435}.Debug|Any CPU.ActiveCfg = Debug|Any CPU
		{2531DF8A-D6C8-4D70-B92E-B10685B38435}.Debug|Any CPU.Build.0 = Debug|Any CPU
		{2531DF8A-D6C8-4D70-B92E-B10685B38435}.Release|Any CPU.ActiveCfg = Release|Any CPU
		{2531DF8A-D6C8-4D70-B92E-B10685B38435}.Release|Any CPU.Build.0 = Release|Any CPU
		{487F0E2A-D86C-4980-A272-4D8BC5674FEC}.Debug|Any CPU.ActiveCfg = Debug|Any CPU
		{487F0E2A-D86C-4980-A272-4D8BC5674FEC}.Debug|Any CPU.Build.0 = Debug|Any CPU
		{487F0E2A-D86C-4980-A272-4D8BC5674FEC}.Release|Any CPU.ActiveCfg = Release|Any CPU
		{487F0E2A-D86C-4980-A272-4D8BC5674FEC}.Release|Any CPU.Build.0 = Release|Any CPU
		{13935BC3-551F-456C-B284-0517A521BDC2}.Debug|Any CPU.ActiveCfg = Debug|Any CPU
		{13935BC3-551F-456C-B284-0517A521BDC2}.Debug|Any CPU.Build.0 = Debug|Any CPU
		{13935BC3-551F-456C-B284-0517A521BDC2}.Release|Any CPU.ActiveCfg = Release|Any CPU
		{13935BC3-551F-456C-B284-0517A521BDC2}.Release|Any CPU.Build.0 = Release|Any CPU
		{E7A1D7E8-4736-417A-9202-2F93E719E139}.Debug|Any CPU.ActiveCfg = Debug|Any CPU
		{E7A1D7E8-4736-417A-9202-2F93E719E139}.Debug|Any CPU.Build.0 = Debug|Any CPU
		{E7A1D7E8-4736-417A-9202-2F93E719E139}.Release|Any CPU.ActiveCfg = Release|Any CPU
		{E7A1D7E8-4736-417A-9202-2F93E719E139}.Release|Any CPU.Build.0 = Release|Any CPU
		{D6F1D039-0491-4229-939C-DFD22535DC20}.Debug|Any CPU.ActiveCfg = Debug|Any CPU
		{D6F1D039-0491-4229-939C-DFD22535DC20}.Debug|Any CPU.Build.0 = Debug|Any CPU
		{D6F1D039-0491-4229-939C-DFD22535DC20}.Release|Any CPU.ActiveCfg = Release|Any CPU
		{D6F1D039-0491-4229-939C-DFD22535DC20}.Release|Any CPU.Build.0 = Release|Any CPU
		{D537531F-C012-41B4-89E1-3A0F698DB3BC}.Debug|Any CPU.ActiveCfg = Debug|Any CPU
		{D537531F-C012-41B4-89E1-3A0F698DB3BC}.Debug|Any CPU.Build.0 = Debug|Any CPU
		{D537531F-C012-41B4-89E1-3A0F698DB3BC}.Release|Any CPU.ActiveCfg = Release|Any CPU
		{D537531F-C012-41B4-89E1-3A0F698DB3BC}.Release|Any CPU.Build.0 = Release|Any CPU
		{5080A55B-B978-4BA5-A56F-192348349934}.Debug|Any CPU.ActiveCfg = Debug|Any CPU
		{5080A55B-B978-4BA5-A56F-192348349934}.Debug|Any CPU.Build.0 = Debug|Any CPU
		{5080A55B-B978-4BA5-A56F-192348349934}.Release|Any CPU.ActiveCfg = Release|Any CPU
		{5080A55B-B978-4BA5-A56F-192348349934}.Release|Any CPU.Build.0 = Release|Any CPU
		{73786D1C-17BA-4623-8D48-AA5A7BBC1D38}.Debug|Any CPU.ActiveCfg = Debug|Any CPU
		{73786D1C-17BA-4623-8D48-AA5A7BBC1D38}.Debug|Any CPU.Build.0 = Debug|Any CPU
		{73786D1C-17BA-4623-8D48-AA5A7BBC1D38}.Release|Any CPU.ActiveCfg = Release|Any CPU
		{73786D1C-17BA-4623-8D48-AA5A7BBC1D38}.Release|Any CPU.Build.0 = Release|Any CPU
		{F12DB760-524D-4D80-9AEA-DBA2155449E7}.Debug|Any CPU.ActiveCfg = Debug|Any CPU
		{F12DB760-524D-4D80-9AEA-DBA2155449E7}.Debug|Any CPU.Build.0 = Debug|Any CPU
		{F12DB760-524D-4D80-9AEA-DBA2155449E7}.Release|Any CPU.ActiveCfg = Release|Any CPU
		{F12DB760-524D-4D80-9AEA-DBA2155449E7}.Release|Any CPU.Build.0 = Release|Any CPU
		{438C8322-0975-410C-9A29-A6650C4D1FC0}.Debug|Any CPU.ActiveCfg = Debug|Any CPU
		{438C8322-0975-410C-9A29-A6650C4D1FC0}.Debug|Any CPU.Build.0 = Debug|Any CPU
		{438C8322-0975-410C-9A29-A6650C4D1FC0}.Release|Any CPU.ActiveCfg = Release|Any CPU
		{438C8322-0975-410C-9A29-A6650C4D1FC0}.Release|Any CPU.Build.0 = Release|Any CPU
		{0AEE419A-24A2-4F08-8928-B55A6C264B96}.Debug|Any CPU.ActiveCfg = Debug|Any CPU
		{0AEE419A-24A2-4F08-8928-B55A6C264B96}.Debug|Any CPU.Build.0 = Debug|Any CPU
		{0AEE419A-24A2-4F08-8928-B55A6C264B96}.Release|Any CPU.ActiveCfg = Release|Any CPU
		{0AEE419A-24A2-4F08-8928-B55A6C264B96}.Release|Any CPU.Build.0 = Release|Any CPU
		{FB800DCF-1374-40DB-922D-F838F48D4935}.Debug|Any CPU.ActiveCfg = Debug|Any CPU
		{FB800DCF-1374-40DB-922D-F838F48D4935}.Debug|Any CPU.Build.0 = Debug|Any CPU
		{FB800DCF-1374-40DB-922D-F838F48D4935}.Release|Any CPU.ActiveCfg = Release|Any CPU
		{FB800DCF-1374-40DB-922D-F838F48D4935}.Release|Any CPU.Build.0 = Release|Any CPU
		{C12E108B-BD7E-4B46-BE9A-28D23F66236D}.Debug|Any CPU.ActiveCfg = Debug|Any CPU
		{C12E108B-BD7E-4B46-BE9A-28D23F66236D}.Debug|Any CPU.Build.0 = Debug|Any CPU
		{C12E108B-BD7E-4B46-BE9A-28D23F66236D}.Release|Any CPU.ActiveCfg = Release|Any CPU
		{C12E108B-BD7E-4B46-BE9A-28D23F66236D}.Release|Any CPU.Build.0 = Release|Any CPU
		{FEB2B1AB-CEF6-4AFF-86BE-5868EF313EAE}.Debug|Any CPU.ActiveCfg = Debug|Any CPU
		{FEB2B1AB-CEF6-4AFF-86BE-5868EF313EAE}.Debug|Any CPU.Build.0 = Debug|Any CPU
		{FEB2B1AB-CEF6-4AFF-86BE-5868EF313EAE}.Release|Any CPU.ActiveCfg = Release|Any CPU
		{FEB2B1AB-CEF6-4AFF-86BE-5868EF313EAE}.Release|Any CPU.Build.0 = Release|Any CPU
		{9DE47119-1808-4A8C-9A22-37138CE166AD}.Debug|Any CPU.ActiveCfg = Debug|Any CPU
		{9DE47119-1808-4A8C-9A22-37138CE166AD}.Debug|Any CPU.Build.0 = Debug|Any CPU
		{9DE47119-1808-4A8C-9A22-37138CE166AD}.Release|Any CPU.ActiveCfg = Release|Any CPU
		{9DE47119-1808-4A8C-9A22-37138CE166AD}.Release|Any CPU.Build.0 = Release|Any CPU
		{01B10F0B-ADD7-4790-BC97-65B0DE5D3BB6}.Debug|Any CPU.ActiveCfg = Debug|Any CPU
		{01B10F0B-ADD7-4790-BC97-65B0DE5D3BB6}.Debug|Any CPU.Build.0 = Debug|Any CPU
		{01B10F0B-ADD7-4790-BC97-65B0DE5D3BB6}.Release|Any CPU.ActiveCfg = Release|Any CPU
		{01B10F0B-ADD7-4790-BC97-65B0DE5D3BB6}.Release|Any CPU.Build.0 = Release|Any CPU
		{7D540EC7-E050-4263-AFB1-56C123F3C293}.Debug|Any CPU.ActiveCfg = Debug|Any CPU
		{7D540EC7-E050-4263-AFB1-56C123F3C293}.Debug|Any CPU.Build.0 = Debug|Any CPU
		{7D540EC7-E050-4263-AFB1-56C123F3C293}.Release|Any CPU.ActiveCfg = Release|Any CPU
		{7D540EC7-E050-4263-AFB1-56C123F3C293}.Release|Any CPU.Build.0 = Release|Any CPU
		{D7E8E2DE-0114-4DDA-89C6-21E8AEECD47A}.Debug|Any CPU.ActiveCfg = Debug|Any CPU
		{D7E8E2DE-0114-4DDA-89C6-21E8AEECD47A}.Debug|Any CPU.Build.0 = Debug|Any CPU
		{D7E8E2DE-0114-4DDA-89C6-21E8AEECD47A}.Release|Any CPU.ActiveCfg = Release|Any CPU
		{D7E8E2DE-0114-4DDA-89C6-21E8AEECD47A}.Release|Any CPU.Build.0 = Release|Any CPU
		{9066A29C-3371-4D2D-8A5C-0194F7B60206}.Debug|Any CPU.ActiveCfg = Debug|Any CPU
		{9066A29C-3371-4D2D-8A5C-0194F7B60206}.Debug|Any CPU.Build.0 = Debug|Any CPU
		{9066A29C-3371-4D2D-8A5C-0194F7B60206}.Release|Any CPU.ActiveCfg = Release|Any CPU
		{9066A29C-3371-4D2D-8A5C-0194F7B60206}.Release|Any CPU.Build.0 = Release|Any CPU
		{2EF63D14-7909-4B73-BABE-38BF090CAE64}.Debug|Any CPU.ActiveCfg = Debug|Any CPU
		{2EF63D14-7909-4B73-BABE-38BF090CAE64}.Debug|Any CPU.Build.0 = Debug|Any CPU
		{2EF63D14-7909-4B73-BABE-38BF090CAE64}.Release|Any CPU.ActiveCfg = Release|Any CPU
		{2EF63D14-7909-4B73-BABE-38BF090CAE64}.Release|Any CPU.Build.0 = Release|Any CPU
		{8E0CC472-9F19-4624-AA22-E39890E586E4}.Debug|Any CPU.ActiveCfg = Debug|Any CPU
		{8E0CC472-9F19-4624-AA22-E39890E586E4}.Debug|Any CPU.Build.0 = Debug|Any CPU
		{8E0CC472-9F19-4624-AA22-E39890E586E4}.Release|Any CPU.ActiveCfg = Release|Any CPU
		{8E0CC472-9F19-4624-AA22-E39890E586E4}.Release|Any CPU.Build.0 = Release|Any CPU
	EndGlobalSection
	GlobalSection(SolutionProperties) = preSolution
		HideSolutionNode = FALSE
	EndGlobalSection
	GlobalSection(NestedProjects) = preSolution
		{F5A3941D-B938-4E9A-8043-FFF111FF0E6F} = {8E62343C-A66F-48EF-903E-E303E0C519B1}
		{8E62343C-A66F-48EF-903E-E303E0C519B1} = {2BC59777-923A-4F93-A55B-BF767ACA6C0C}
		{28D78B61-F2FB-43ED-8955-961F5D2D2E78} = {2BC59777-923A-4F93-A55B-BF767ACA6C0C}
		{AD05BB09-3859-42CC-9B22-F3875FC1219F} = {2BC59777-923A-4F93-A55B-BF767ACA6C0C}
		{CF44C6EC-0496-4843-A950-2489112B512A} = {AD05BB09-3859-42CC-9B22-F3875FC1219F}
		{094FEAC5-CB55-4EB6-9417-0D2D4EA99E20} = {AD05BB09-3859-42CC-9B22-F3875FC1219F}
		{F9FE3B1C-0B95-4439-B5EA-778D3DE7E695} = {8E62343C-A66F-48EF-903E-E303E0C519B1}
		{A16C7447-7A98-4C62-B36D-23C428535D2E} = {8E62343C-A66F-48EF-903E-E303E0C519B1}
		{8079CE0B-443C-43A3-8795-98DAA77840FF} = {8E62343C-A66F-48EF-903E-E303E0C519B1}
		{B1398961-4009-4E37-86F9-8205E7409CC4} = {28D78B61-F2FB-43ED-8955-961F5D2D2E78}
		{5C0E65A1-3969-4668-B44E-568D485D1824} = {28D78B61-F2FB-43ED-8955-961F5D2D2E78}
		{C97349F8-AB02-453D-B5B4-C21D969FEB57} = {331D8643-D424-4198-99F9-ECFB0EF4666C}
		{1F6A4A8A-5A8E-42FF-9546-2937BD371FBA} = {28D78B61-F2FB-43ED-8955-961F5D2D2E78}
		{B7222E99-D99D-451C-8104-58EE455E1D5D} = {331D8643-D424-4198-99F9-ECFB0EF4666C}
		{12A6D346-528A-42B3-9B55-76DDA7B09E33} = {2BC59777-923A-4F93-A55B-BF767ACA6C0C}
		{2068665E-2FE5-4E53-A1E5-4E3D3447F5FD} = {8652845C-3DAB-4B89-8CBF-61C8A6341E6D}
		{2531DF8A-D6C8-4D70-B92E-B10685B38435} = {8652845C-3DAB-4B89-8CBF-61C8A6341E6D}
		{487F0E2A-D86C-4980-A272-4D8BC5674FEC} = {8E62343C-A66F-48EF-903E-E303E0C519B1}
		{13935BC3-551F-456C-B284-0517A521BDC2} = {8E62343C-A66F-48EF-903E-E303E0C519B1}
		{E7A1D7E8-4736-417A-9202-2F93E719E139} = {8E62343C-A66F-48EF-903E-E303E0C519B1}
		{D6F1D039-0491-4229-939C-DFD22535DC20} = {331D8643-D424-4198-99F9-ECFB0EF4666C}
		{D537531F-C012-41B4-89E1-3A0F698DB3BC} = {331D8643-D424-4198-99F9-ECFB0EF4666C}
		{5080A55B-B978-4BA5-A56F-192348349934} = {8E62343C-A66F-48EF-903E-E303E0C519B1}
		{73786D1C-17BA-4623-8D48-AA5A7BBC1D38} = {AD05BB09-3859-42CC-9B22-F3875FC1219F}
		{F12DB760-524D-4D80-9AEA-DBA2155449E7} = {8E62343C-A66F-48EF-903E-E303E0C519B1}
		{438C8322-0975-410C-9A29-A6650C4D1FC0} = {12A6D346-528A-42B3-9B55-76DDA7B09E33}
		{0AEE419A-24A2-4F08-8928-B55A6C264B96} = {8652845C-3DAB-4B89-8CBF-61C8A6341E6D}
		{FB800DCF-1374-40DB-922D-F838F48D4935} = {12A6D346-528A-42B3-9B55-76DDA7B09E33}
		{C12E108B-BD7E-4B46-BE9A-28D23F66236D} = {12A6D346-528A-42B3-9B55-76DDA7B09E33}
		{FEB2B1AB-CEF6-4AFF-86BE-5868EF313EAE} = {12A6D346-528A-42B3-9B55-76DDA7B09E33}
		{9DE47119-1808-4A8C-9A22-37138CE166AD} = {8652845C-3DAB-4B89-8CBF-61C8A6341E6D}
		{01B10F0B-ADD7-4790-BC97-65B0DE5D3BB6} = {12A6D346-528A-42B3-9B55-76DDA7B09E33}
		{7D540EC7-E050-4263-AFB1-56C123F3C293} = {12A6D346-528A-42B3-9B55-76DDA7B09E33}
		{D7E8E2DE-0114-4DDA-89C6-21E8AEECD47A} = {28D78B61-F2FB-43ED-8955-961F5D2D2E78}
		{8652845C-3DAB-4B89-8CBF-61C8A6341E6D} = {12A6D346-528A-42B3-9B55-76DDA7B09E33}
		{9066A29C-3371-4D2D-8A5C-0194F7B60206} = {AD05BB09-3859-42CC-9B22-F3875FC1219F}
		{2EF63D14-7909-4B73-BABE-38BF090CAE64} = {AD05BB09-3859-42CC-9B22-F3875FC1219F}
		{8E0CC472-9F19-4624-AA22-E39890E586E4} = {AD05BB09-3859-42CC-9B22-F3875FC1219F}
	EndGlobalSection
	GlobalSection(ExtensibilityGlobals) = postSolution
		SolutionGuid = {E3C1D5E7-3D29-43DF-AEB9-6241110E2A0B}
	EndGlobalSection
EndGlobal
